PODS:
  - UMCommon (7.3.7):
    - UMDevice
  - UMDevice (2.2.1)

DEPENDENCIES:
  - UMCommon

SPEC REPOS:
  trunk:
    - UMCommon
    - UMDevice

SPEC CHECKSUMS:
  UMCommon: 37fe35f498e92cf57bbb06a086f02915fc35f211
  UMDevice: 053478c4b4d7292f31f0a275c227d3c4007a5571

PODFILE CHECKSUM: a7daa52ad1f489e3b75e6d87b7402032222091ad

COCOAPODS: 1.11.3
