// !$*UTF8*$!
{
	archiveVersion = 1;
	classes = {
	};
	objectVersion = 55;
	objects = {

/* Begin PBXBuildFile section */
		052025AC287807350059654B /* BoredButtonAction.swift in Sources */ = {isa = PBXBuildFile; fileRef = 052025AB287807350059654B /* BoredButtonAction.swift */; };
		052025AE287810A40059654B /* BoredButtonState.swift in Sources */ = {isa = PBXBuildFile; fileRef = 052025AD287810A40059654B /* BoredButtonState.swift */; };
		052025B0287811280059654B /* BoredButtonReducer.swift in Sources */ = {isa = PBXBuildFile; fileRef = 052025AF287811280059654B /* BoredButtonReducer.swift */; };
		052025B2287811390059654B /* BoredButtonEnv.swift in Sources */ = {isa = PBXBuildFile; fileRef = 052025B1287811390059654B /* BoredButtonEnv.swift */; };
		052025B8287886710059654B /* dot.m4a in Resources */ = {isa = PBXBuildFile; fileRef = 052025B7287886590059654B /* dot.m4a */; };
		0563BAA228794C3900E8FC7B /* PickerView.swift in Sources */ = {isa = PBXBuildFile; fileRef = 0563BAA128794C3900E8FC7B /* PickerView.swift */; };
		0563BAAC2879730B00E8FC7B /* dot_strong.m4a in Resources */ = {isa = PBXBuildFile; fileRef = 0563BAAB2879726600E8FC7B /* dot_strong.m4a */; };
		05D39C122876904200CCE136 /* WhenBoredApp.swift in Sources */ = {isa = PBXBuildFile; fileRef = 05D39C112876904200CCE136 /* WhenBoredApp.swift */; };
		05D39C142876904200CCE136 /* MainView.swift in Sources */ = {isa = PBXBuildFile; fileRef = 05D39C132876904200CCE136 /* MainView.swift */; };
		05D39C162876904300CCE136 /* Assets.xcassets in Resources */ = {isa = PBXBuildFile; fileRef = 05D39C152876904300CCE136 /* Assets.xcassets */; };
		05D39C192876904300CCE136 /* Preview Assets.xcassets in Resources */ = {isa = PBXBuildFile; fileRef = 05D39C182876904300CCE136 /* Preview Assets.xcassets */; };
		05D39C232876904300CCE136 /* WhenBoredTests.swift in Sources */ = {isa = PBXBuildFile; fileRef = 05D39C222876904300CCE136 /* WhenBoredTests.swift */; };
		05D39C2D2876904300CCE136 /* WhenBoredUITests.swift in Sources */ = {isa = PBXBuildFile; fileRef = 05D39C2C2876904300CCE136 /* WhenBoredUITests.swift */; };
		05D39C2F2876904300CCE136 /* WhenBoredUITestsLaunchTests.swift in Sources */ = {isa = PBXBuildFile; fileRef = 05D39C2E2876904300CCE136 /* WhenBoredUITestsLaunchTests.swift */; };
		05D39C3D2876906800CCE136 /* ComposableArchitecture in Frameworks */ = {isa = PBXBuildFile; productRef = 05D39C3C2876906800CCE136 /* ComposableArchitecture */; };
		05D39C512876A28B00CCE136 /* BoredButtonView.swift in Sources */ = {isa = PBXBuildFile; fileRef = 05D39C502876A28B00CCE136 /* BoredButtonView.swift */; };
		05D39C552876C54B00CCE136 /* TabItemView.swift in Sources */ = {isa = PBXBuildFile; fileRef = 05D39C532876C54A00CCE136 /* TabItemView.swift */; };
		05D39C562876C54B00CCE136 /* TabItemState.swift in Sources */ = {isa = PBXBuildFile; fileRef = 05D39C542876C54A00CCE136 /* TabItemState.swift */; };
		05D39C582876C56500CCE136 /* TabItemReducer.swift in Sources */ = {isa = PBXBuildFile; fileRef = 05D39C572876C56500CCE136 /* TabItemReducer.swift */; };
		05D39C5A2876C57500CCE136 /* TabItemAction.swift in Sources */ = {isa = PBXBuildFile; fileRef = 05D39C592876C57500CCE136 /* TabItemAction.swift */; };
		05D39C5C2876C58300CCE136 /* TabItemEnv.swift in Sources */ = {isa = PBXBuildFile; fileRef = 05D39C5B2876C58300CCE136 /* TabItemEnv.swift */; };
		05D39C5E2876EA0000CCE136 /* MetronomeView.swift in Sources */ = {isa = PBXBuildFile; fileRef = 05D39C5D2876EA0000CCE136 /* MetronomeView.swift */; };
		05D39C652876F06200CCE136 /* TabEnv.swift in Sources */ = {isa = PBXBuildFile; fileRef = 05D39C602876F06200CCE136 /* TabEnv.swift */; };
		05D39C662876F06200CCE136 /* TabState.swift in Sources */ = {isa = PBXBuildFile; fileRef = 05D39C612876F06200CCE136 /* TabState.swift */; };
		05D39C672876F06200CCE136 /* TabAction.swift in Sources */ = {isa = PBXBuildFile; fileRef = 05D39C622876F06200CCE136 /* TabAction.swift */; };
		05D39C682876F06200CCE136 /* TabView.swift in Sources */ = {isa = PBXBuildFile; fileRef = 05D39C632876F06200CCE136 /* TabView.swift */; };
		05D39C692876F06200CCE136 /* TabReducer.swift in Sources */ = {isa = PBXBuildFile; fileRef = 05D39C642876F06200CCE136 /* TabReducer.swift */; };
		05D39C6C2876F0C100CCE136 /* TabContentView.swift in Sources */ = {isa = PBXBuildFile; fileRef = 05D39C6B2876F0C100CCE136 /* TabContentView.swift */; };
		05D39C6E2877222000CCE136 /* TunerView.swift in Sources */ = {isa = PBXBuildFile; fileRef = 05D39C6D2877222000CCE136 /* TunerView.swift */; };
		05D39C71287722A800CCE136 /* SettingsView.swift in Sources */ = {isa = PBXBuildFile; fileRef = 05D39C6F287722A800CCE136 /* SettingsView.swift */; };
		05D39C742877266400CCE136 /* TabContentAction.swift in Sources */ = {isa = PBXBuildFile; fileRef = 05D39C732877266400CCE136 /* TabContentAction.swift */; };
		05D39C762877267400CCE136 /* TapContentEnv.swift in Sources */ = {isa = PBXBuildFile; fileRef = 05D39C752877267400CCE136 /* TapContentEnv.swift */; };
		05D39C782877269100CCE136 /* TapContentReducer.swift in Sources */ = {isa = PBXBuildFile; fileRef = 05D39C772877269100CCE136 /* TapContentReducer.swift */; };
		05D39C7A287726A400CCE136 /* TapContentState.swift in Sources */ = {isa = PBXBuildFile; fileRef = 05D39C79287726A400CCE136 /* TapContentState.swift */; };
/* End PBXBuildFile section */

/* Begin PBXContainerItemProxy section */
		05D39C1F2876904300CCE136 /* PBXContainerItemProxy */ = {
			isa = PBXContainerItemProxy;
			containerPortal = 05D39C062876904200CCE136 /* Project object */;
			proxyType = 1;
			remoteGlobalIDString = 05D39C0D2876904200CCE136;
			remoteInfo = WhenBored;
		};
		05D39C292876904300CCE136 /* PBXContainerItemProxy */ = {
			isa = PBXContainerItemProxy;
			containerPortal = 05D39C062876904200CCE136 /* Project object */;
			proxyType = 1;
			remoteGlobalIDString = 05D39C0D2876904200CCE136;
			remoteInfo = WhenBored;
		};
/* End PBXContainerItemProxy section */

/* Begin PBXFileReference section */
		052025AB287807350059654B /* BoredButtonAction.swift */ = {isa = PBXFileReference; lastKnownFileType = sourcecode.swift; path = BoredButtonAction.swift; sourceTree = "<group>"; };
		052025AD287810A40059654B /* BoredButtonState.swift */ = {isa = PBXFileReference; lastKnownFileType = sourcecode.swift; path = BoredButtonState.swift; sourceTree = "<group>"; };
		052025AF287811280059654B /* BoredButtonReducer.swift */ = {isa = PBXFileReference; lastKnownFileType = sourcecode.swift; path = BoredButtonReducer.swift; sourceTree = "<group>"; };
		052025B1287811390059654B /* BoredButtonEnv.swift */ = {isa = PBXFileReference; lastKnownFileType = sourcecode.swift; path = BoredButtonEnv.swift; sourceTree = "<group>"; };
		052025B7287886590059654B /* dot.m4a */ = {isa = PBXFileReference; lastKnownFileType = file; path = dot.m4a; sourceTree = "<group>"; };
		0563BAA128794C3900E8FC7B /* PickerView.swift */ = {isa = PBXFileReference; lastKnownFileType = sourcecode.swift; path = PickerView.swift; sourceTree = "<group>"; };
		0563BAAB2879726600E8FC7B /* dot_strong.m4a */ = {isa = PBXFileReference; lastKnownFileType = file; path = dot_strong.m4a; sourceTree = "<group>"; };
		05D39C0E2876904200CCE136 /* Bored Metro.app */ = {isa = PBXFileReference; explicitFileType = wrapper.application; includeInIndex = 0; path = "Bored Metro.app"; sourceTree = BUILT_PRODUCTS_DIR; };
		05D39C112876904200CCE136 /* WhenBoredApp.swift */ = {isa = PBXFileReference; lastKnownFileType = sourcecode.swift; path = WhenBoredApp.swift; sourceTree = "<group>"; };
		05D39C132876904200CCE136 /* MainView.swift */ = {isa = PBXFileReference; lastKnownFileType = sourcecode.swift; path = MainView.swift; sourceTree = "<group>"; };
		05D39C152876904300CCE136 /* Assets.xcassets */ = {isa = PBXFileReference; lastKnownFileType = folder.assetcatalog; path = Assets.xcassets; sourceTree = "<group>"; };
		05D39C182876904300CCE136 /* Preview Assets.xcassets */ = {isa = PBXFileReference; lastKnownFileType = folder.assetcatalog; path = "Preview Assets.xcassets"; sourceTree = "<group>"; };
		05D39C1E2876904300CCE136 /* WhenBoredTests.xctest */ = {isa = PBXFileReference; explicitFileType = wrapper.cfbundle; includeInIndex = 0; path = WhenBoredTests.xctest; sourceTree = BUILT_PRODUCTS_DIR; };
		05D39C222876904300CCE136 /* WhenBoredTests.swift */ = {isa = PBXFileReference; lastKnownFileType = sourcecode.swift; path = WhenBoredTests.swift; sourceTree = "<group>"; };
		05D39C282876904300CCE136 /* WhenBoredUITests.xctest */ = {isa = PBXFileReference; explicitFileType = wrapper.cfbundle; includeInIndex = 0; path = WhenBoredUITests.xctest; sourceTree = BUILT_PRODUCTS_DIR; };
		05D39C2C2876904300CCE136 /* WhenBoredUITests.swift */ = {isa = PBXFileReference; lastKnownFileType = sourcecode.swift; path = WhenBoredUITests.swift; sourceTree = "<group>"; };
		05D39C2E2876904300CCE136 /* WhenBoredUITestsLaunchTests.swift */ = {isa = PBXFileReference; lastKnownFileType = sourcecode.swift; path = WhenBoredUITestsLaunchTests.swift; sourceTree = "<group>"; };
		05D39C502876A28B00CCE136 /* BoredButtonView.swift */ = {isa = PBXFileReference; lastKnownFileType = sourcecode.swift; path = BoredButtonView.swift; sourceTree = "<group>"; };
		05D39C532876C54A00CCE136 /* TabItemView.swift */ = {isa = PBXFileReference; fileEncoding = 4; lastKnownFileType = sourcecode.swift; path = TabItemView.swift; sourceTree = "<group>"; };
		05D39C542876C54A00CCE136 /* TabItemState.swift */ = {isa = PBXFileReference; fileEncoding = 4; lastKnownFileType = sourcecode.swift; path = TabItemState.swift; sourceTree = "<group>"; };
		05D39C572876C56500CCE136 /* TabItemReducer.swift */ = {isa = PBXFileReference; lastKnownFileType = sourcecode.swift; path = TabItemReducer.swift; sourceTree = "<group>"; };
		05D39C592876C57500CCE136 /* TabItemAction.swift */ = {isa = PBXFileReference; lastKnownFileType = sourcecode.swift; path = TabItemAction.swift; sourceTree = "<group>"; };
		05D39C5B2876C58300CCE136 /* TabItemEnv.swift */ = {isa = PBXFileReference; lastKnownFileType = sourcecode.swift; path = TabItemEnv.swift; sourceTree = "<group>"; };
		05D39C5D2876EA0000CCE136 /* MetronomeView.swift */ = {isa = PBXFileReference; lastKnownFileType = sourcecode.swift; path = MetronomeView.swift; sourceTree = "<group>"; };
		05D39C602876F06200CCE136 /* TabEnv.swift */ = {isa = PBXFileReference; fileEncoding = 4; lastKnownFileType = sourcecode.swift; path = TabEnv.swift; sourceTree = "<group>"; };
		05D39C612876F06200CCE136 /* TabState.swift */ = {isa = PBXFileReference; fileEncoding = 4; lastKnownFileType = sourcecode.swift; path = TabState.swift; sourceTree = "<group>"; };
		05D39C622876F06200CCE136 /* TabAction.swift */ = {isa = PBXFileReference; fileEncoding = 4; lastKnownFileType = sourcecode.swift; path = TabAction.swift; sourceTree = "<group>"; };
		05D39C632876F06200CCE136 /* TabView.swift */ = {isa = PBXFileReference; fileEncoding = 4; lastKnownFileType = sourcecode.swift; path = TabView.swift; sourceTree = "<group>"; };
		05D39C642876F06200CCE136 /* TabReducer.swift */ = {isa = PBXFileReference; fileEncoding = 4; lastKnownFileType = sourcecode.swift; path = TabReducer.swift; sourceTree = "<group>"; };
		05D39C6B2876F0C100CCE136 /* TabContentView.swift */ = {isa = PBXFileReference; lastKnownFileType = sourcecode.swift; path = TabContentView.swift; sourceTree = "<group>"; };
		05D39C6D2877222000CCE136 /* TunerView.swift */ = {isa = PBXFileReference; lastKnownFileType = sourcecode.swift; path = TunerView.swift; sourceTree = "<group>"; };
		05D39C6F287722A800CCE136 /* SettingsView.swift */ = {isa = PBXFileReference; fileEncoding = 4; lastKnownFileType = sourcecode.swift; path = SettingsView.swift; sourceTree = "<group>"; };
		05D39C732877266400CCE136 /* TabContentAction.swift */ = {isa = PBXFileReference; lastKnownFileType = sourcecode.swift; path = TabContentAction.swift; sourceTree = "<group>"; };
		05D39C752877267400CCE136 /* TapContentEnv.swift */ = {isa = PBXFileReference; lastKnownFileType = sourcecode.swift; path = TapContentEnv.swift; sourceTree = "<group>"; };
		05D39C772877269100CCE136 /* TapContentReducer.swift */ = {isa = PBXFileReference; lastKnownFileType = sourcecode.swift; path = TapContentReducer.swift; sourceTree = "<group>"; };
		05D39C79287726A400CCE136 /* TapContentState.swift */ = {isa = PBXFileReference; lastKnownFileType = sourcecode.swift; path = TapContentState.swift; sourceTree = "<group>"; };
/* End PBXFileReference section */

/* Begin PBXFrameworksBuildPhase section */
		05D39C0B2876904200CCE136 /* Frameworks */ = {
			isa = PBXFrameworksBuildPhase;
			buildActionMask = 2147483647;
			files = (
				05D39C3D2876906800CCE136 /* ComposableArchitecture in Frameworks */,
			);
			runOnlyForDeploymentPostprocessing = 0;
		};
		05D39C1B2876904300CCE136 /* Frameworks */ = {
			isa = PBXFrameworksBuildPhase;
			buildActionMask = 2147483647;
			files = (
			);
			runOnlyForDeploymentPostprocessing = 0;
		};
		05D39C252876904300CCE136 /* Frameworks */ = {
			isa = PBXFrameworksBuildPhase;
			buildActionMask = 2147483647;
			files = (
			);
			runOnlyForDeploymentPostprocessing = 0;
		};
/* End PBXFrameworksBuildPhase section */

/* Begin PBXGroup section */
		0563BAA028794C2C00E8FC7B /* Picker */ = {
			isa = PBXGroup;
			children = (
				0563BAA128794C3900E8FC7B /* PickerView.swift */,
			);
			path = Picker;
			sourceTree = "<group>";
		};
		05D39C052876904200CCE136 = {
			isa = PBXGroup;
			children = (
				05D39C102876904200CCE136 /* WhenBored */,
				05D39C212876904300CCE136 /* WhenBoredTests */,
				05D39C2B2876904300CCE136 /* WhenBoredUITests */,
				05D39C0F2876904200CCE136 /* Products */,
			);
			sourceTree = "<group>";
		};
		05D39C0F2876904200CCE136 /* Products */ = {
			isa = PBXGroup;
			children = (
				05D39C0E2876904200CCE136 /* Bored Metro.app */,
				05D39C1E2876904300CCE136 /* WhenBoredTests.xctest */,
				05D39C282876904300CCE136 /* WhenBoredUITests.xctest */,
			);
			name = Products;
			sourceTree = "<group>";
		};
		05D39C102876904200CCE136 /* WhenBored */ = {
			isa = PBXGroup;
			children = (
				0563BAA028794C2C00E8FC7B /* Picker */,
				05D39C4F2876A27A00CCE136 /* BoredButton */,
				05D39C402876914500CCE136 /* Tabbar */,
				05D39C112876904200CCE136 /* WhenBoredApp.swift */,
				05D39C132876904200CCE136 /* MainView.swift */,
				05D39C5D2876EA0000CCE136 /* MetronomeView.swift */,
				05D39C6D2877222000CCE136 /* TunerView.swift */,
				05D39C6F287722A800CCE136 /* SettingsView.swift */,
				05D39C152876904300CCE136 /* Assets.xcassets */,
				0563BAAB2879726600E8FC7B /* dot_strong.m4a */,
				052025B7287886590059654B /* dot.m4a */,
				05D39C172876904300CCE136 /* Preview Content */,
			);
			path = WhenBored;
			sourceTree = "<group>";
		};
		05D39C172876904300CCE136 /* Preview Content */ = {
			isa = PBXGroup;
			children = (
				05D39C182876904300CCE136 /* Preview Assets.xcassets */,
			);
			path = "Preview Content";
			sourceTree = "<group>";
		};
		05D39C212876904300CCE136 /* WhenBoredTests */ = {
			isa = PBXGroup;
			children = (
				05D39C222876904300CCE136 /* WhenBoredTests.swift */,
			);
			path = WhenBoredTests;
			sourceTree = "<group>";
		};
		05D39C2B2876904300CCE136 /* WhenBoredUITests */ = {
			isa = PBXGroup;
			children = (
				05D39C2C2876904300CCE136 /* WhenBoredUITests.swift */,
				05D39C2E2876904300CCE136 /* WhenBoredUITestsLaunchTests.swift */,
			);
			path = WhenBoredUITests;
			sourceTree = "<group>";
		};
		05D39C402876914500CCE136 /* Tabbar */ = {
			isa = PBXGroup;
			children = (
				05D39C6A2876F07A00CCE136 /* TabContent */,
				05D39C5F2876F06200CCE136 /* Tab */,
				05D39C522876C54A00CCE136 /* TabItem */,
			);
			path = Tabbar;
			sourceTree = "<group>";
		};
		05D39C4F2876A27A00CCE136 /* BoredButton */ = {
			isa = PBXGroup;
			children = (
				05D39C502876A28B00CCE136 /* BoredButtonView.swift */,
				052025AB287807350059654B /* BoredButtonAction.swift */,
				052025AD287810A40059654B /* BoredButtonState.swift */,
				052025AF287811280059654B /* BoredButtonReducer.swift */,
				052025B1287811390059654B /* BoredButtonEnv.swift */,
			);
			path = BoredButton;
			sourceTree = "<group>";
		};
		05D39C522876C54A00CCE136 /* TabItem */ = {
			isa = PBXGroup;
			children = (
				05D39C532876C54A00CCE136 /* TabItemView.swift */,
				05D39C542876C54A00CCE136 /* TabItemState.swift */,
				05D39C572876C56500CCE136 /* TabItemReducer.swift */,
				05D39C592876C57500CCE136 /* TabItemAction.swift */,
				05D39C5B2876C58300CCE136 /* TabItemEnv.swift */,
			);
			path = TabItem;
			sourceTree = "<group>";
		};
		05D39C5F2876F06200CCE136 /* Tab */ = {
			isa = PBXGroup;
			children = (
				05D39C602876F06200CCE136 /* TabEnv.swift */,
				05D39C612876F06200CCE136 /* TabState.swift */,
				05D39C622876F06200CCE136 /* TabAction.swift */,
				05D39C632876F06200CCE136 /* TabView.swift */,
				05D39C642876F06200CCE136 /* TabReducer.swift */,
			);
			path = Tab;
			sourceTree = "<group>";
		};
		05D39C6A2876F07A00CCE136 /* TabContent */ = {
			isa = PBXGroup;
			children = (
				05D39C6B2876F0C100CCE136 /* TabContentView.swift */,
				05D39C732877266400CCE136 /* TabContentAction.swift */,
				05D39C752877267400CCE136 /* TapContentEnv.swift */,
				05D39C772877269100CCE136 /* TapContentReducer.swift */,
				05D39C79287726A400CCE136 /* TapContentState.swift */,
			);
			path = TabContent;
			sourceTree = "<group>";
		};
/* End PBXGroup section */

/* Begin PBXNativeTarget section */
		05D39C0D2876904200CCE136 /* WhenBored */ = {
			isa = PBXNativeTarget;
			buildConfigurationList = 05D39C322876904300CCE136 /* Build configuration list for PBXNativeTarget "WhenBored" */;
			buildPhases = (
				05D39C0A2876904200CCE136 /* Sources */,
				05D39C0B2876904200CCE136 /* Frameworks */,
				05D39C0C2876904200CCE136 /* Resources */,
			);
			buildRules = (
			);
			dependencies = (
			);
			name = WhenBored;
			packageProductDependencies = (
				05D39C3C2876906800CCE136 /* ComposableArchitecture */,
			);
			productName = WhenBored;
			productReference = 05D39C0E2876904200CCE136 /* Bored Metro.app */;
			productType = "com.apple.product-type.application";
		};
		05D39C1D2876904300CCE136 /* WhenBoredTests */ = {
			isa = PBXNativeTarget;
			buildConfigurationList = 05D39C352876904300CCE136 /* Build configuration list for PBXNativeTarget "WhenBoredTests" */;
			buildPhases = (
				05D39C1A2876904300CCE136 /* Sources */,
				05D39C1B2876904300CCE136 /* Frameworks */,
				05D39C1C2876904300CCE136 /* Resources */,
			);
			buildRules = (
			);
			dependencies = (
				05D39C202876904300CCE136 /* PBXTargetDependency */,
			);
			name = WhenBoredTests;
			productName = WhenBoredTests;
			productReference = 05D39C1E2876904300CCE136 /* WhenBoredTests.xctest */;
			productType = "com.apple.product-type.bundle.unit-test";
		};
		05D39C272876904300CCE136 /* WhenBoredUITests */ = {
			isa = PBXNativeTarget;
			buildConfigurationList = 05D39C382876904300CCE136 /* Build configuration list for PBXNativeTarget "WhenBoredUITests" */;
			buildPhases = (
				05D39C242876904300CCE136 /* Sources */,
				05D39C252876904300CCE136 /* Frameworks */,
				05D39C262876904300CCE136 /* Resources */,
			);
			buildRules = (
			);
			dependencies = (
				05D39C2A2876904300CCE136 /* PBXTargetDependency */,
			);
			name = WhenBoredUITests;
			productName = WhenBoredUITests;
			productReference = 05D39C282876904300CCE136 /* WhenBoredUITests.xctest */;
			productType = "com.apple.product-type.bundle.ui-testing";
		};
/* End PBXNativeTarget section */

/* Begin PBXProject section */
		05D39C062876904200CCE136 /* Project object */ = {
			isa = PBXProject;
			attributes = {
				BuildIndependentTargetsInParallel = 1;
				LastSwiftUpdateCheck = 1320;
				LastUpgradeCheck = 1320;
				TargetAttributes = {
					05D39C0D2876904200CCE136 = {
						CreatedOnToolsVersion = 13.2;
					};
					05D39C1D2876904300CCE136 = {
						CreatedOnToolsVersion = 13.2;
						TestTargetID = 05D39C0D2876904200CCE136;
					};
					05D39C272876904300CCE136 = {
						CreatedOnToolsVersion = 13.2;
						TestTargetID = 05D39C0D2876904200CCE136;
					};
				};
			};
			buildConfigurationList = 05D39C092876904200CCE136 /* Build configuration list for PBXProject "WhenBored" */;
			compatibilityVersion = "Xcode 13.0";
			developmentRegion = en;
			hasScannedForEncodings = 0;
			knownRegions = (
				en,
				Base,
			);
			mainGroup = 05D39C052876904200CCE136;
			packageReferences = (
				05D39C3B2876906800CCE136 /* XCRemoteSwiftPackageReference "swift-composable-architecture" */,
			);
			productRefGroup = 05D39C0F2876904200CCE136 /* Products */;
			projectDirPath = "";
			projectRoot = "";
			targets = (
				05D39C0D2876904200CCE136 /* WhenBored */,
				05D39C1D2876904300CCE136 /* WhenBoredTests */,
				05D39C272876904300CCE136 /* WhenBoredUITests */,
			);
		};
/* End PBXProject section */

/* Begin PBXResourcesBuildPhase section */
		05D39C0C2876904200CCE136 /* Resources */ = {
			isa = PBXResourcesBuildPhase;
			buildActionMask = 2147483647;
			files = (
				052025B8287886710059654B /* dot.m4a in Resources */,
				0563BAAC2879730B00E8FC7B /* dot_strong.m4a in Resources */,
				05D39C192876904300CCE136 /* Preview Assets.xcassets in Resources */,
				05D39C162876904300CCE136 /* Assets.xcassets in Resources */,
			);
			runOnlyForDeploymentPostprocessing = 0;
		};
		05D39C1C2876904300CCE136 /* Resources */ = {
			isa = PBXResourcesBuildPhase;
			buildActionMask = 2147483647;
			files = (
			);
			runOnlyForDeploymentPostprocessing = 0;
		};
		05D39C262876904300CCE136 /* Resources */ = {
			isa = PBXResourcesBuildPhase;
			buildActionMask = 2147483647;
			files = (
			);
			runOnlyForDeploymentPostprocessing = 0;
		};
/* End PBXResourcesBuildPhase section */

/* Begin PBXSourcesBuildPhase section */
		05D39C0A2876904200CCE136 /* Sources */ = {
			isa = PBXSourcesBuildPhase;
			buildActionMask = 2147483647;
			files = (
				05D39C552876C54B00CCE136 /* TabItemView.swift in Sources */,
				05D39C782877269100CCE136 /* TapContentReducer.swift in Sources */,
				052025B0287811280059654B /* BoredButtonReducer.swift in Sources */,
				05D39C662876F06200CCE136 /* TabState.swift in Sources */,
				05D39C6E2877222000CCE136 /* TunerView.swift in Sources */,
				05D39C562876C54B00CCE136 /* TabItemState.swift in Sources */,
				05D39C71287722A800CCE136 /* SettingsView.swift in Sources */,
				05D39C652876F06200CCE136 /* TabEnv.swift in Sources */,
				05D39C7A287726A400CCE136 /* TapContentState.swift in Sources */,
				05D39C512876A28B00CCE136 /* BoredButtonView.swift in Sources */,
				05D39C142876904200CCE136 /* MainView.swift in Sources */,
				05D39C5C2876C58300CCE136 /* TabItemEnv.swift in Sources */,
				05D39C742877266400CCE136 /* TabContentAction.swift in Sources */,
				05D39C6C2876F0C100CCE136 /* TabContentView.swift in Sources */,
				05D39C762877267400CCE136 /* TapContentEnv.swift in Sources */,
				052025AC287807350059654B /* BoredButtonAction.swift in Sources */,
				05D39C672876F06200CCE136 /* TabAction.swift in Sources */,
				05D39C5E2876EA0000CCE136 /* MetronomeView.swift in Sources */,
				05D39C5A2876C57500CCE136 /* TabItemAction.swift in Sources */,
				0563BAA228794C3900E8FC7B /* PickerView.swift in Sources */,
				05D39C582876C56500CCE136 /* TabItemReducer.swift in Sources */,
				05D39C122876904200CCE136 /* WhenBoredApp.swift in Sources */,
				052025B2287811390059654B /* BoredButtonEnv.swift in Sources */,
				05D39C682876F06200CCE136 /* TabView.swift in Sources */,
				052025AE287810A40059654B /* BoredButtonState.swift in Sources */,
				05D39C692876F06200CCE136 /* TabReducer.swift in Sources */,
			);
			runOnlyForDeploymentPostprocessing = 0;
		};
		05D39C1A2876904300CCE136 /* Sources */ = {
			isa = PBXSourcesBuildPhase;
			buildActionMask = 2147483647;
			files = (
				05D39C232876904300CCE136 /* WhenBoredTests.swift in Sources */,
			);
			runOnlyForDeploymentPostprocessing = 0;
		};
		05D39C242876904300CCE136 /* Sources */ = {
			isa = PBXSourcesBuildPhase;
			buildActionMask = 2147483647;
			files = (
				05D39C2D2876904300CCE136 /* WhenBoredUITests.swift in Sources */,
				05D39C2F2876904300CCE136 /* WhenBoredUITestsLaunchTests.swift in Sources */,
			);
			runOnlyForDeploymentPostprocessing = 0;
		};
/* End PBXSourcesBuildPhase section */

/* Begin PBXTargetDependency section */
		05D39C202876904300CCE136 /* PBXTargetDependency */ = {
			isa = PBXTargetDependency;
			target = 05D39C0D2876904200CCE136 /* WhenBored */;
			targetProxy = 05D39C1F2876904300CCE136 /* PBXContainerItemProxy */;
		};
		05D39C2A2876904300CCE136 /* PBXTargetDependency */ = {
			isa = PBXTargetDependency;
			target = 05D39C0D2876904200CCE136 /* WhenBored */;
			targetProxy = 05D39C292876904300CCE136 /* PBXContainerItemProxy */;
		};
/* End PBXTargetDependency section */

/* Begin XCBuildConfiguration section */
		05D39C302876904300CCE136 /* Debug */ = {
			isa = XCBuildConfiguration;
			buildSettings = {
				ALWAYS_SEARCH_USER_PATHS = NO;
				CLANG_ANALYZER_NONNULL = YES;
				CLANG_ANALYZER_NUMBER_OBJECT_CONVERSION = YES_AGGRESSIVE;
				CLANG_CXX_LANGUAGE_STANDARD = "gnu++17";
				CLANG_CXX_LIBRARY = "libc++";
				CLANG_ENABLE_MODULES = YES;
				CLANG_ENABLE_OBJC_ARC = YES;
				CLANG_ENABLE_OBJC_WEAK = YES;
				CLANG_WARN_BLOCK_CAPTURE_AUTORELEASING = YES;
				CLANG_WARN_BOOL_CONVERSION = YES;
				CLANG_WARN_COMMA = YES;
				CLANG_WARN_CONSTANT_CONVERSION = YES;
				CLANG_WARN_DEPRECATED_OBJC_IMPLEMENTATIONS = YES;
				CLANG_WARN_DIRECT_OBJC_ISA_USAGE = YES_ERROR;
				CLANG_WARN_DOCUMENTATION_COMMENTS = YES;
				CLANG_WARN_EMPTY_BODY = YES;
				CLANG_WARN_ENUM_CONVERSION = YES;
				CLANG_WARN_INFINITE_RECURSION = YES;
				CLANG_WARN_INT_CONVERSION = YES;
				CLANG_WARN_NON_LITERAL_NULL_CONVERSION = YES;
				CLANG_WARN_OBJC_IMPLICIT_RETAIN_SELF = YES;
				CLANG_WARN_OBJC_LITERAL_CONVERSION = YES;
				CLANG_WARN_OBJC_ROOT_CLASS = YES_ERROR;
				CLANG_WARN_QUOTED_INCLUDE_IN_FRAMEWORK_HEADER = YES;
				CLANG_WARN_RANGE_LOOP_ANALYSIS = YES;
				CLANG_WARN_STRICT_PROTOTYPES = YES;
				CLANG_WARN_SUSPICIOUS_MOVE = YES;
				CLANG_WARN_UNGUARDED_AVAILABILITY = YES_AGGRESSIVE;
				CLANG_WARN_UNREACHABLE_CODE = YES;
				CLANG_WARN__DUPLICATE_METHOD_MATCH = YES;
				COPY_PHASE_STRIP = NO;
				DEBUG_INFORMATION_FORMAT = dwarf;
				ENABLE_STRICT_OBJC_MSGSEND = YES;
				ENABLE_TESTABILITY = YES;
				GCC_C_LANGUAGE_STANDARD = gnu11;
				GCC_DYNAMIC_NO_PIC = NO;
				GCC_NO_COMMON_BLOCKS = YES;
				GCC_OPTIMIZATION_LEVEL = 0;
				GCC_PREPROCESSOR_DEFINITIONS = (
					"DEBUG=1",
					"$(inherited)",
				);
				GCC_WARN_64_TO_32_BIT_CONVERSION = YES;
				GCC_WARN_ABOUT_RETURN_TYPE = YES_ERROR;
				GCC_WARN_UNDECLARED_SELECTOR = YES;
				GCC_WARN_UNINITIALIZED_AUTOS = YES_AGGRESSIVE;
				GCC_WARN_UNUSED_FUNCTION = YES;
				GCC_WARN_UNUSED_VARIABLE = YES;
				IPHONEOS_DEPLOYMENT_TARGET = 15.2;
				MTL_ENABLE_DEBUG_INFO = INCLUDE_SOURCE;
				MTL_FAST_MATH = YES;
				ONLY_ACTIVE_ARCH = YES;
				SDKROOT = iphoneos;
				SWIFT_ACTIVE_COMPILATION_CONDITIONS = DEBUG;
				SWIFT_OPTIMIZATION_LEVEL = "-Onone";
			};
			name = Debug;
		};
		05D39C312876904300CCE136 /* Release */ = {
			isa = XCBuildConfiguration;
			buildSettings = {
				ALWAYS_SEARCH_USER_PATHS = NO;
				CLANG_ANALYZER_NONNULL = YES;
				CLANG_ANALYZER_NUMBER_OBJECT_CONVERSION = YES_AGGRESSIVE;
				CLANG_CXX_LANGUAGE_STANDARD = "gnu++17";
				CLANG_CXX_LIBRARY = "libc++";
				CLANG_ENABLE_MODULES = YES;
				CLANG_ENABLE_OBJC_ARC = YES;
				CLANG_ENABLE_OBJC_WEAK = YES;
				CLANG_WARN_BLOCK_CAPTURE_AUTORELEASING = YES;
				CLANG_WARN_BOOL_CONVERSION = YES;
				CLANG_WARN_COMMA = YES;
				CLANG_WARN_CONSTANT_CONVERSION = YES;
				CLANG_WARN_DEPRECATED_OBJC_IMPLEMENTATIONS = YES;
				CLANG_WARN_DIRECT_OBJC_ISA_USAGE = YES_ERROR;
				CLANG_WARN_DOCUMENTATION_COMMENTS = YES;
				CLANG_WARN_EMPTY_BODY = YES;
				CLANG_WARN_ENUM_CONVERSION = YES;
				CLANG_WARN_INFINITE_RECURSION = YES;
				CLANG_WARN_INT_CONVERSION = YES;
				CLANG_WARN_NON_LITERAL_NULL_CONVERSION = YES;
				CLANG_WARN_OBJC_IMPLICIT_RETAIN_SELF = YES;
				CLANG_WARN_OBJC_LITERAL_CONVERSION = YES;
				CLANG_WARN_OBJC_ROOT_CLASS = YES_ERROR;
				CLANG_WARN_QUOTED_INCLUDE_IN_FRAMEWORK_HEADER = YES;
				CLANG_WARN_RANGE_LOOP_ANALYSIS = YES;
				CLANG_WARN_STRICT_PROTOTYPES = YES;
				CLANG_WARN_SUSPICIOUS_MOVE = YES;
				CLANG_WARN_UNGUARDED_AVAILABILITY = YES_AGGRESSIVE;
				CLANG_WARN_UNREACHABLE_CODE = YES;
				CLANG_WARN__DUPLICATE_METHOD_MATCH = YES;
				COPY_PHASE_STRIP = NO;
				DEBUG_INFORMATION_FORMAT = "dwarf-with-dsym";
				ENABLE_NS_ASSERTIONS = NO;
				ENABLE_STRICT_OBJC_MSGSEND = YES;
				GCC_C_LANGUAGE_STANDARD = gnu11;
				GCC_NO_COMMON_BLOCKS = YES;
				GCC_WARN_64_TO_32_BIT_CONVERSION = YES;
				GCC_WARN_ABOUT_RETURN_TYPE = YES_ERROR;
				GCC_WARN_UNDECLARED_SELECTOR = YES;
				GCC_WARN_UNINITIALIZED_AUTOS = YES_AGGRESSIVE;
				GCC_WARN_UNUSED_FUNCTION = YES;
				GCC_WARN_UNUSED_VARIABLE = YES;
				IPHONEOS_DEPLOYMENT_TARGET = 15.2;
				MTL_ENABLE_DEBUG_INFO = NO;
				MTL_FAST_MATH = YES;
				SDKROOT = iphoneos;
				SWIFT_COMPILATION_MODE = wholemodule;
				SWIFT_OPTIMIZATION_LEVEL = "-O";
				VALIDATE_PRODUCT = YES;
			};
			name = Release;
		};
		05D39C332876904300CCE136 /* Debug */ = {
			isa = XCBuildConfiguration;
			buildSettings = {
				ASSETCATALOG_COMPILER_APPICON_NAME = AppIcon;
				ASSETCATALOG_COMPILER_GLOBAL_ACCENT_COLOR_NAME = AccentColor;
				CODE_SIGN_IDENTITY = "Apple Development";
				CODE_SIGN_STYLE = Automatic;
				CURRENT_PROJECT_VERSION = 1;
				DEVELOPMENT_ASSET_PATHS = "\"WhenBored/Preview Content\"";
				DEVELOPMENT_TEAM = D4PFYTTGXR;
				ENABLE_PREVIEWS = YES;
				GENERATE_INFOPLIST_FILE = YES;
				INFOPLIST_KEY_UIApplicationSceneManifest_Generation = YES;
				INFOPLIST_KEY_UIApplicationSupportsIndirectInputEvents = YES;
				INFOPLIST_KEY_UILaunchScreen_Generation = YES;
				INFOPLIST_KEY_UISupportedInterfaceOrientations_iPad = "UIInterfaceOrientationPortrait UIInterfaceOrientationPortraitUpsideDown UIInterfaceOrientationLandscapeLeft UIInterfaceOrientationLandscapeRight";
				INFOPLIST_KEY_UISupportedInterfaceOrientations_iPhone = "UIInterfaceOrientationPortrait UIInterfaceOrientationLandscapeLeft UIInterfaceOrientationLandscapeRight";
				INFOPLIST_KEY_UIUserInterfaceStyle = Light;
				LD_RUNPATH_SEARCH_PATHS = (
					"$(inherited)",
					"@executable_path/Frameworks",
				);
				MARKETING_VERSION = 1.0;
				PRODUCT_BUNDLE_IDENTIFIER = com.leoking.WhenBored;
				PRODUCT_NAME = "Bored Metro";
				PROVISIONING_PROFILE_SPECIFIER = "";
				SWIFT_EMIT_LOC_STRINGS = YES;
				SWIFT_VERSION = 5.0;
				TARGETED_DEVICE_FAMILY = "1,2";
			};
			name = Debug;
		};
		05D39C342876904300CCE136 /* Release */ = {
			isa = XCBuildConfiguration;
			buildSettings = {
				ASSETCATALOG_COMPILER_APPICON_NAME = AppIcon;
				ASSETCATALOG_COMPILER_GLOBAL_ACCENT_COLOR_NAME = AccentColor;
				CODE_SIGN_IDENTITY = "Apple Development";
				CODE_SIGN_STYLE = Automatic;
				CURRENT_PROJECT_VERSION = 1;
				DEVELOPMENT_ASSET_PATHS = "\"WhenBored/Preview Content\"";
				DEVELOPMENT_TEAM = D4PFYTTGXR;
				ENABLE_PREVIEWS = YES;
				GENERATE_INFOPLIST_FILE = YES;
				INFOPLIST_KEY_UIApplicationSceneManifest_Generation = YES;
				INFOPLIST_KEY_UIApplicationSupportsIndirectInputEvents = YES;
				INFOPLIST_KEY_UILaunchScreen_Generation = YES;
				INFOPLIST_KEY_UISupportedInterfaceOrientations_iPad = "UIInterfaceOrientationPortrait UIInterfaceOrientationPortraitUpsideDown UIInterfaceOrientationLandscapeLeft UIInterfaceOrientationLandscapeRight";
				INFOPLIST_KEY_UISupportedInterfaceOrientations_iPhone = "UIInterfaceOrientationPortrait UIInterfaceOrientationLandscapeLeft UIInterfaceOrientationLandscapeRight";
				INFOPLIST_KEY_UIUserInterfaceStyle = Light;
				LD_RUNPATH_SEARCH_PATHS = (
					"$(inherited)",
					"@executable_path/Frameworks",
				);
				MARKETING_VERSION = 1.0;
				PRODUCT_BUNDLE_IDENTIFIER = com.leoking.WhenBored;
				PRODUCT_NAME = "Bored Metro";
				PROVISIONING_PROFILE_SPECIFIER = "";
				SWIFT_EMIT_LOC_STRINGS = YES;
				SWIFT_VERSION = 5.0;
				TARGETED_DEVICE_FAMILY = "1,2";
			};
			name = Release;
		};
		05D39C362876904300CCE136 /* Debug */ = {
			isa = XCBuildConfiguration;
			buildSettings = {
				ALWAYS_EMBED_SWIFT_STANDARD_LIBRARIES = YES;
				BUNDLE_LOADER = "$(TEST_HOST)";
				CODE_SIGN_STYLE = Automatic;
				CURRENT_PROJECT_VERSION = 1;
				DEVELOPMENT_TEAM = D4PFYTTGXR;
				GENERATE_INFOPLIST_FILE = YES;
				IPHONEOS_DEPLOYMENT_TARGET = 15.2;
				MARKETING_VERSION = 1.0;
				PRODUCT_BUNDLE_IDENTIFIER = com.leoking.WhenBoredTests;
				PRODUCT_NAME = "$(TARGET_NAME)";
				SWIFT_EMIT_LOC_STRINGS = NO;
				SWIFT_VERSION = 5.0;
				TARGETED_DEVICE_FAMILY = "1,2";
				TEST_HOST = "$(BUILT_PRODUCTS_DIR)/WhenBored.app/WhenBored";
			};
			name = Debug;
		};
		05D39C372876904300CCE136 /* Release */ = {
			isa = XCBuildConfiguration;
			buildSettings = {
				ALWAYS_EMBED_SWIFT_STANDARD_LIBRARIES = YES;
				BUNDLE_LOADER = "$(TEST_HOST)";
				CODE_SIGN_STYLE = Automatic;
				CURRENT_PROJECT_VERSION = 1;
				DEVELOPMENT_TEAM = D4PFYTTGXR;
				GENERATE_INFOPLIST_FILE = YES;
				IPHONEOS_DEPLOYMENT_TARGET = 15.2;
				MARKETING_VERSION = 1.0;
				PRODUCT_BUNDLE_IDENTIFIER = com.leoking.WhenBoredTests;
				PRODUCT_NAME = "$(TARGET_NAME)";
				SWIFT_EMIT_LOC_STRINGS = NO;
				SWIFT_VERSION = 5.0;
				TARGETED_DEVICE_FAMILY = "1,2";
				TEST_HOST = "$(BUILT_PRODUCTS_DIR)/WhenBored.app/WhenBored";
			};
			name = Release;
		};
		05D39C392876904300CCE136 /* Debug */ = {
			isa = XCBuildConfiguration;
			buildSettings = {
				ALWAYS_EMBED_SWIFT_STANDARD_LIBRARIES = YES;
				CODE_SIGN_STYLE = Automatic;
				CURRENT_PROJECT_VERSION = 1;
				DEVELOPMENT_TEAM = D4PFYTTGXR;
				GENERATE_INFOPLIST_FILE = YES;
				MARKETING_VERSION = 1.0;
				PRODUCT_BUNDLE_IDENTIFIER = com.leoking.WhenBoredUITests;
				PRODUCT_NAME = "$(TARGET_NAME)";
				SWIFT_EMIT_LOC_STRINGS = NO;
				SWIFT_VERSION = 5.0;
				TARGETED_DEVICE_FAMILY = "1,2";
				TEST_TARGET_NAME = WhenBored;
			};
			name = Debug;
		};
		05D39C3A2876904300CCE136 /* Release */ = {
			isa = XCBuildConfiguration;
			buildSettings = {
				ALWAYS_EMBED_SWIFT_STANDARD_LIBRARIES = YES;
				CODE_SIGN_STYLE = Automatic;
				CURRENT_PROJECT_VERSION = 1;
				DEVELOPMENT_TEAM = D4PFYTTGXR;
				GENERATE_INFOPLIST_FILE = YES;
				MARKETING_VERSION = 1.0;
				PRODUCT_BUNDLE_IDENTIFIER = com.leoking.WhenBoredUITests;
				PRODUCT_NAME = "$(TARGET_NAME)";
				SWIFT_EMIT_LOC_STRINGS = NO;
				SWIFT_VERSION = 5.0;
				TARGETED_DEVICE_FAMILY = "1,2";
				TEST_TARGET_NAME = WhenBored;
			};
			name = Release;
		};
/* End XCBuildConfiguration section */

/* Begin XCConfigurationList section */
		05D39C092876904200CCE136 /* Build configuration list for PBXProject "WhenBored" */ = {
			isa = XCConfigurationList;
			buildConfigurations = (
				05D39C302876904300CCE136 /* Debug */,
				05D39C312876904300CCE136 /* Release */,
			);
			defaultConfigurationIsVisible = 0;
			defaultConfigurationName = Release;
		};
		05D39C322876904300CCE136 /* Build configuration list for PBXNativeTarget "WhenBored" */ = {
			isa = XCConfigurationList;
			buildConfigurations = (
				05D39C332876904300CCE136 /* Debug */,
				05D39C342876904300CCE136 /* Release */,
			);
			defaultConfigurationIsVisible = 0;
			defaultConfigurationName = Release;
		};
		05D39C352876904300CCE136 /* Build configuration list for PBXNativeTarget "WhenBoredTests" */ = {
			isa = XCConfigurationList;
			buildConfigurations = (
				05D39C362876904300CCE136 /* Debug */,
				05D39C372876904300CCE136 /* Release */,
			);
			defaultConfigurationIsVisible = 0;
			defaultConfigurationName = Release;
		};
		05D39C382876904300CCE136 /* Build configuration list for PBXNativeTarget "WhenBoredUITests" */ = {
			isa = XCConfigurationList;
			buildConfigurations = (
				05D39C392876904300CCE136 /* Debug */,
				05D39C3A2876904300CCE136 /* Release */,
			);
			defaultConfigurationIsVisible = 0;
			defaultConfigurationName = Release;
		};
/* End XCConfigurationList section */

/* Begin XCRemoteSwiftPackageReference section */
		05D39C3B2876906800CCE136 /* XCRemoteSwiftPackageReference "swift-composable-architecture" */ = {
			isa = XCRemoteSwiftPackageReference;
			repositoryURL = "https://github.com/pointfreeco/swift-composable-architecture";
			requirement = {
				kind = upToNextMajorVersion;
				minimumVersion = 0.9.0;
			};
		};
/* End XCRemoteSwiftPackageReference section */

/* Begin XCSwiftPackageProductDependency section */
		05D39C3C2876906800CCE136 /* ComposableArchitecture */ = {
			isa = XCSwiftPackageProductDependency;
			package = 05D39C3B2876906800CCE136 /* XCRemoteSwiftPackageReference "swift-composable-architecture" */;
			productName = ComposableArchitecture;
		};
/* End XCSwiftPackageProductDependency section */
	};
	rootObject = 05D39C062876904200CCE136 /* Project object */;
}
