// !$*UTF8*$!
{
	archiveVersion = 1;
	classes = {
	};
	objectVersion = 55;
	objects = {

/* Begin PBXBuildFile section */
		052025AC287807350059654B /* TempoScreenAction.swift in Sources */ = {isa = PBXBuildFile; fileRef = 052025AB287807350059654B /* TempoScreenAction.swift */; };
		052D21F428FA6C9C00C3E09D /* TempoPrefix.swift in Sources */ = {isa = PBXBuildFile; fileRef = 052D21F328FA6C9C00C3E09D /* TempoPrefix.swift */; };
		052D21FC28FA9ED100C3E09D /* TGCDTimer.m in Sources */ = {isa = PBXBuildFile; fileRef = 052D21FB28FA9ED100C3E09D /* TGCDTimer.m */; };
		052D21FE28FA9FDB00C3E09D /* XTimer.swift in Sources */ = {isa = PBXBuildFile; fileRef = 052D21FD28FA9FDB00C3E09D /* XTimer.swift */; };
		052D220028FAB29800C3E09D /* TestContentView.swift in Sources */ = {isa = PBXBuildFile; fileRef = 052D21FF28FAB29800C3E09D /* TestContentView.swift */; };
		052D220428FAB3D800C3E09D /* TempoDotsView.swift in Sources */ = {isa = PBXBuildFile; fileRef = 052D220328FAB3D800C3E09D /* TempoDotsView.swift */; };
		053C560328DD771400390B5B /* TempoRunButton.swift in Sources */ = {isa = PBXBuildFile; fileRef = 053C560228DD771400390B5B /* TempoRunButton.swift */; };
		053C560528DD957500390B5B /* ActivityVC.swift in Sources */ = {isa = PBXBuildFile; fileRef = 053C560428DD957500390B5B /* ActivityVC.swift */; };
		05520FB928F863F6001814B0 /* PopupView in Frameworks */ = {isa = PBXBuildFile; productRef = 05520FB828F863F6001814B0 /* PopupView */; };
		05520FC228F8EEF9001814B0 /* Floats.swift in Sources */ = {isa = PBXBuildFile; fileRef = 05520FBB28F8EEF9001814B0 /* Floats.swift */; };
		05520FC328F8EEF9001814B0 /* PopupButton.swift in Sources */ = {isa = PBXBuildFile; fileRef = 05520FBC28F8EEF9001814B0 /* PopupButton.swift */; };
		05520FC428F8EEF9001814B0 /* Toasts.swift in Sources */ = {isa = PBXBuildFile; fileRef = 05520FBD28F8EEF9001814B0 /* Toasts.swift */; };
		05520FC528F8EEF9001814B0 /* ActionSheets.swift in Sources */ = {isa = PBXBuildFile; fileRef = 05520FBE28F8EEF9001814B0 /* ActionSheets.swift */; };
		05520FC628F8EEF9001814B0 /* Images.swift in Sources */ = {isa = PBXBuildFile; fileRef = 05520FBF28F8EEF9001814B0 /* Images.swift */; };
		05520FC728F8EEF9001814B0 /* Utils.swift in Sources */ = {isa = PBXBuildFile; fileRef = 05520FC028F8EEF9001814B0 /* Utils.swift */; };
		05520FC828F8EEF9001814B0 /* Popups.swift in Sources */ = {isa = PBXBuildFile; fileRef = 05520FC128F8EEF9001814B0 /* Popups.swift */; };
		0555D679290175EF00FA00B1 /* MicrophonePitchDetector in Frameworks */ = {isa = PBXBuildFile; productRef = 0555D678290175EF00FA00B1 /* MicrophonePitchDetector */; };
		0557D8C328FCDCCA005A901A /* GRDB in Frameworks */ = {isa = PBXBuildFile; productRef = 0557D8C228FCDCCA005A901A /* GRDB */; };
		0557D8C628FCDD0A005A901A /* DB.swift in Sources */ = {isa = PBXBuildFile; fileRef = 0557D8C528FCDD0A005A901A /* DB.swift */; };
		0557D8CD28FD66FA005A901A /* XGCDGroup.m in Sources */ = {isa = PBXBuildFile; fileRef = 0557D8CB28FD66FA005A901A /* XGCDGroup.m */; };
		0557D8CF28FD6AFD005A901A /* DateUtils.swift in Sources */ = {isa = PBXBuildFile; fileRef = 0557D8CE28FD6AFD005A901A /* DateUtils.swift */; };
		0557D8D228FDB4D6005A901A /* PushManager.swift in Sources */ = {isa = PBXBuildFile; fileRef = 0557D8D128FDB4D6005A901A /* PushManager.swift */; };
		0557D8D428FE51FB005A901A /* TempoRunManager.swift in Sources */ = {isa = PBXBuildFile; fileRef = 0557D8D328FE51FB005A901A /* TempoRunManager.swift */; };
		0557D8D628FE7DF4005A901A /* TempoLibraryRow.swift in Sources */ = {isa = PBXBuildFile; fileRef = 0557D8D528FE7DF4005A901A /* TempoLibraryRow.swift */; };
		0557D8DA28FFA935005A901A /* Default_strong.m4a in Resources */ = {isa = PBXBuildFile; fileRef = 0557D8D828FFA934005A901A /* Default_strong.m4a */; };
		0557D8DB28FFA935005A901A /* Default.m4a in Resources */ = {isa = PBXBuildFile; fileRef = 0557D8D928FFA934005A901A /* Default.m4a */; };
		0557D8DE28FFB080005A901A /* Drum.m4a in Resources */ = {isa = PBXBuildFile; fileRef = 0557D8DC28FFB080005A901A /* Drum.m4a */; };
		0557D8DF28FFB080005A901A /* Drum_strong.m4a in Resources */ = {isa = PBXBuildFile; fileRef = 0557D8DD28FFB080005A901A /* Drum_strong.m4a */; };
		0557D8E3290113DB005A901A /* launch_icon.png in Resources */ = {isa = PBXBuildFile; fileRef = 0557D8E2290113DB005A901A /* launch_icon.png */; };
		0557D8E5290123BB005A901A /* View+Appear.swift in Sources */ = {isa = PBXBuildFile; fileRef = 0557D8E4290123BB005A901A /* View+Appear.swift */; };
		0563BAA228794C3900E8FC7B /* PickerView.swift in Sources */ = {isa = PBXBuildFile; fileRef = 0563BAA128794C3900E8FC7B /* PickerView.swift */; };
		0578AD3C28897E1700AE5B04 /* ComposableArchitecture in Frameworks */ = {isa = PBXBuildFile; productRef = 0578AD3B28897E1700AE5B04 /* ComposableArchitecture */; };
		0579280728D97C2B00FE70E6 /* Launch Screen.storyboard in Resources */ = {isa = PBXBuildFile; fileRef = 0579280628D97C2B00FE70E6 /* Launch Screen.storyboard */; };
		0584DA80288AA37B008712DF /* Assets.xcassets in Resources */ = {isa = PBXBuildFile; fileRef = 0584DA7D288AA37B008712DF /* Assets.xcassets */; };
		0585133D2887F4A700F7B3AF /* TempoScreen.swift in Sources */ = {isa = PBXBuildFile; fileRef = 0585133C2887F4A700F7B3AF /* TempoScreen.swift */; };
		058513402887F4D300F7B3AF /* SettingsScreen.swift in Sources */ = {isa = PBXBuildFile; fileRef = 0585133F2887F4D300F7B3AF /* SettingsScreen.swift */; };
		058513482887FAEF00F7B3AF /* Color+Extensions.swift in Sources */ = {isa = PBXBuildFile; fileRef = 058513472887FAEF00F7B3AF /* Color+Extensions.swift */; };
		058C1C2E28F6B0230021C376 /* UserNotifications.framework in Frameworks */ = {isa = PBXBuildFile; fileRef = 058C1C2D28F6B0220021C376 /* UserNotifications.framework */; };
		058C1C3428F6B3B00021C376 /* UMOC.m in Sources */ = {isa = PBXBuildFile; fileRef = 058C1C3328F6B3B00021C376 /* UMOC.m */; };
		059D996128DA03DD00741591 /* ModifierPreference.swift in Sources */ = {isa = PBXBuildFile; fileRef = 059D995228DA03DD00741591 /* ModifierPreference.swift */; };
		059D996228DA03DD00741591 /* Frequency.swift in Sources */ = {isa = PBXBuildFile; fileRef = 059D995328DA03DD00741591 /* Frequency.swift */; };
		059D996328DA03DD00741591 /* ScaleNote.swift in Sources */ = {isa = PBXBuildFile; fileRef = 059D995428DA03DD00741591 /* ScaleNote.swift */; };
		059D996428DA03DD00741591 /* TunerData.swift in Sources */ = {isa = PBXBuildFile; fileRef = 059D995528DA03DD00741591 /* TunerData.swift */; };
		059D996528DA03DD00741591 /* TunerScreen.swift in Sources */ = {isa = PBXBuildFile; fileRef = 059D995628DA03DD00741591 /* TunerScreen.swift */; };
		059D996628DA03DD00741591 /* CurrentNoteMarker.swift in Sources */ = {isa = PBXBuildFile; fileRef = 059D995828DA03DD00741591 /* CurrentNoteMarker.swift */; };
		059D996728DA03DD00741591 /* MatchedNoteView.swift in Sources */ = {isa = PBXBuildFile; fileRef = 059D995928DA03DD00741591 /* MatchedNoteView.swift */; };
		059D996828DA03DD00741591 /* NoteDistanceMarkers.swift in Sources */ = {isa = PBXBuildFile; fileRef = 059D995A28DA03DD00741591 /* NoteDistanceMarkers.swift */; };
		059D996928DA03DD00741591 /* NoteTicks.swift in Sources */ = {isa = PBXBuildFile; fileRef = 059D995B28DA03DD00741591 /* NoteTicks.swift */; };
		059D996A28DA03DD00741591 /* MicrophoneAccessAlert.swift in Sources */ = {isa = PBXBuildFile; fileRef = 059D995C28DA03DD00741591 /* MicrophoneAccessAlert.swift */; };
		059D996B28DA03DD00741591 /* TranspositionMenu.swift in Sources */ = {isa = PBXBuildFile; fileRef = 059D995D28DA03DD00741591 /* TranspositionMenu.swift */; };
		059D996C28DA03DD00741591 /* MainNoteView.swift in Sources */ = {isa = PBXBuildFile; fileRef = 059D995E28DA03DD00741591 /* MainNoteView.swift */; };
		059D996D28DA03DD00741591 /* MatchedNoteFrequency.swift in Sources */ = {isa = PBXBuildFile; fileRef = 059D995F28DA03DD00741591 /* MatchedNoteFrequency.swift */; };
		059D996E28DA03DD00741591 /* TunerView.swift in Sources */ = {isa = PBXBuildFile; fileRef = 059D996028DA03DD00741591 /* TunerView.swift */; };
		059D997128DA9B0E00741591 /* ActivityIndicatorView in Frameworks */ = {isa = PBXBuildFile; productRef = 059D997028DA9B0E00741591 /* ActivityIndicatorView */; };
		05AFFE5B28F7178900474EBA /* SystemConfiguration.framework in Frameworks */ = {isa = PBXBuildFile; fileRef = 05AFFE5A28F7178900474EBA /* SystemConfiguration.framework */; };
		05AFFE5D28F717A400474EBA /* libsqlite3.tbd in Frameworks */ = {isa = PBXBuildFile; fileRef = 05AFFE5C28F717A400474EBA /* libsqlite3.tbd */; };
		05AFFE5F28F717B200474EBA /* libz.tbd in Frameworks */ = {isa = PBXBuildFile; fileRef = 05AFFE5E28F717B200474EBA /* libz.tbd */; };
		05AFFE6128F717C900474EBA /* CoreTelephony.framework in Frameworks */ = {isa = PBXBuildFile; fileRef = 05AFFE6028F717C900474EBA /* CoreTelephony.framework */; };
		05B41AA5288538AC00151D70 /* Alignment.swift in Sources */ = {isa = PBXBuildFile; fileRef = 05B41AA2288538AC00151D70 /* Alignment.swift */; };
		05B41AA6288538AC00151D70 /* ColorAnimation.swift in Sources */ = {isa = PBXBuildFile; fileRef = 05B41AA3288538AC00151D70 /* ColorAnimation.swift */; };
		05B41AA7288538AC00151D70 /* Color+MusicalDistance.swift in Sources */ = {isa = PBXBuildFile; fileRef = 05B41AA4288538AC00151D70 /* Color+MusicalDistance.swift */; };
		05D39C122876904200CCE136 /* XMetroApp.swift in Sources */ = {isa = PBXBuildFile; fileRef = 05D39C112876904200CCE136 /* XMetroApp.swift */; };
		05D39C142876904200CCE136 /* MainView.swift in Sources */ = {isa = PBXBuildFile; fileRef = 05D39C132876904200CCE136 /* MainView.swift */; };
		05D39C192876904300CCE136 /* Preview Assets.xcassets in Resources */ = {isa = PBXBuildFile; fileRef = 05D39C182876904300CCE136 /* Preview Assets.xcassets */; };
		05D39C232876904300CCE136 /* XMetroTests.swift in Sources */ = {isa = PBXBuildFile; fileRef = 05D39C222876904300CCE136 /* XMetroTests.swift */; };
		05D39C2D2876904300CCE136 /* XMetroUITests.swift in Sources */ = {isa = PBXBuildFile; fileRef = 05D39C2C2876904300CCE136 /* XMetroUITests.swift */; };
		05D39C2F2876904300CCE136 /* XMetroUITestsLaunchTests.swift in Sources */ = {isa = PBXBuildFile; fileRef = 05D39C2E2876904300CCE136 /* XMetroUITestsLaunchTests.swift */; };
		05D39C552876C54B00CCE136 /* TabItemView.swift in Sources */ = {isa = PBXBuildFile; fileRef = 05D39C532876C54A00CCE136 /* TabItemView.swift */; };
		05D39C652876F06200CCE136 /* TabEnv.swift in Sources */ = {isa = PBXBuildFile; fileRef = 05D39C602876F06200CCE136 /* TabEnv.swift */; };
		05D39C662876F06200CCE136 /* TabState.swift in Sources */ = {isa = PBXBuildFile; fileRef = 05D39C612876F06200CCE136 /* TabState.swift */; };
		05D39C672876F06200CCE136 /* TabAction.swift in Sources */ = {isa = PBXBuildFile; fileRef = 05D39C622876F06200CCE136 /* TabAction.swift */; };
		05D39C682876F06200CCE136 /* TabView.swift in Sources */ = {isa = PBXBuildFile; fileRef = 05D39C632876F06200CCE136 /* TabView.swift */; };
		05D39C692876F06200CCE136 /* TabReducer.swift in Sources */ = {isa = PBXBuildFile; fileRef = 05D39C642876F06200CCE136 /* TabReducer.swift */; };
		05DD51CB28F79BC2004BCA89 /* TempoModel.swift in Sources */ = {isa = PBXBuildFile; fileRef = 05DD51CA28F79BC2004BCA89 /* TempoModel.swift */; };
		05DD51CD28F7B256004BCA89 /* TempoPlayers.swift in Sources */ = {isa = PBXBuildFile; fileRef = 05DD51CC28F7B256004BCA89 /* TempoPlayers.swift */; };
		05E2849928F4236900B7C8BD /* libc++.tbd in Frameworks */ = {isa = PBXBuildFile; fileRef = 05E2849828F4235400B7C8BD /* libc++.tbd */; };
		05E284C728F42A5C00B7C8BD /* UMAnalyticsSwift.swift in Sources */ = {isa = PBXBuildFile; fileRef = 05E284B928F42A5C00B7C8BD /* UMAnalyticsSwift.swift */; };
		05E284C828F42A5C00B7C8BD /* UMCommonSwift.swift in Sources */ = {isa = PBXBuildFile; fileRef = 05E284BA28F42A5C00B7C8BD /* UMCommonSwift.swift */; };
		05E284CD28F42A5C00B7C8BD /* UMCommonLogSwift.swift in Sources */ = {isa = PBXBuildFile; fileRef = 05E284C028F42A5C00B7C8BD /* UMCommonLogSwift.swift */; };
		05E284D528F42AAD00B7C8BD /* LibraryScreen.swift in Sources */ = {isa = PBXBuildFile; fileRef = 05E284D428F42AAD00B7C8BD /* LibraryScreen.swift */; };
		05E284D728F4731D00B7C8BD /* LibraryListItem.swift in Sources */ = {isa = PBXBuildFile; fileRef = 05E284D628F4731D00B7C8BD /* LibraryListItem.swift */; };
		05E284D928F479A100B7C8BD /* AboutScreen.swift in Sources */ = {isa = PBXBuildFile; fileRef = 05E284D828F479A100B7C8BD /* AboutScreen.swift */; };
		05E284DB28F47A7000B7C8BD /* SettingsListItem.swift in Sources */ = {isa = PBXBuildFile; fileRef = 05E284DA28F47A7000B7C8BD /* SettingsListItem.swift */; };
		05E284DE28F4F8AB00B7C8BD /* Theme.swift in Sources */ = {isa = PBXBuildFile; fileRef = 05E284DD28F4F8AB00B7C8BD /* Theme.swift */; };
		05E284E028F4FB6F00B7C8BD /* AppDelegate.swift in Sources */ = {isa = PBXBuildFile; fileRef = 05E284DF28F4FB6F00B7C8BD /* AppDelegate.swift */; };
		05E284E428F52B0000B7C8BD /* MetronomeSettingsScreen.swift in Sources */ = {isa = PBXBuildFile; fileRef = 05E284E328F52B0000B7C8BD /* MetronomeSettingsScreen.swift */; };
		05E284E628F52B3700B7C8BD /* TunerSettingsScreen.swift in Sources */ = {isa = PBXBuildFile; fileRef = 05E284E528F52B3700B7C8BD /* TunerSettingsScreen.swift */; };
		05E284EA28F5678800B7C8BD /* launch_bg.jpg in Resources */ = {isa = PBXBuildFile; fileRef = 05E284E928F5678800B7C8BD /* launch_bg.jpg */; };
		05E284EC28F5755400B7C8BD /* ChordLibraryScreen.swift in Sources */ = {isa = PBXBuildFile; fileRef = 05E284EB28F5755400B7C8BD /* ChordLibraryScreen.swift */; };
		05E284EE28F5757A00B7C8BD /* TempoLibraryScreen.swift in Sources */ = {isa = PBXBuildFile; fileRef = 05E284ED28F5757A00B7C8BD /* TempoLibraryScreen.swift */; };
		05E284F028F5758B00B7C8BD /* SetlistLibraryScreen.swift in Sources */ = {isa = PBXBuildFile; fileRef = 05E284EF28F5758B00B7C8BD /* SetlistLibraryScreen.swift */; };
		05E284F328F597A600B7C8BD /* MetronomeSettingsListItem.swift in Sources */ = {isa = PBXBuildFile; fileRef = 05E284F228F597A600B7C8BD /* MetronomeSettingsListItem.swift */; };
		05E284F528F5993C00B7C8BD /* TunerSettingsListItem.swift in Sources */ = {isa = PBXBuildFile; fileRef = 05E284F428F5993C00B7C8BD /* TunerSettingsListItem.swift */; };
		5CCE39078C61F9C481461EAF /* libPods-XMetro.a in Frameworks */ = {isa = PBXBuildFile; fileRef = B12AE02EB8FA2D79EAC35036 /* libPods-XMetro.a */; };
/* End PBXBuildFile section */

/* Begin PBXContainerItemProxy section */
		05D39C1F2876904300CCE136 /* PBXContainerItemProxy */ = {
			isa = PBXContainerItemProxy;
			containerPortal = 05D39C062876904200CCE136 /* Project object */;
			proxyType = 1;
			remoteGlobalIDString = 05D39C0D2876904200CCE136;
			remoteInfo = WhenBored;
		};
		05D39C292876904300CCE136 /* PBXContainerItemProxy */ = {
			isa = PBXContainerItemProxy;
			containerPortal = 05D39C062876904200CCE136 /* Project object */;
			proxyType = 1;
			remoteGlobalIDString = 05D39C0D2876904200CCE136;
			remoteInfo = WhenBored;
		};
/* End PBXContainerItemProxy section */

/* Begin PBXFileReference section */
		052025AB287807350059654B /* TempoScreenAction.swift */ = {isa = PBXFileReference; lastKnownFileType = sourcecode.swift; path = TempoScreenAction.swift; sourceTree = "<group>"; };
		052D21F328FA6C9C00C3E09D /* TempoPrefix.swift */ = {isa = PBXFileReference; lastKnownFileType = sourcecode.swift; path = TempoPrefix.swift; sourceTree = "<group>"; };
		052D21FA28FA9ED100C3E09D /* TGCDTimer.h */ = {isa = PBXFileReference; fileEncoding = 4; lastKnownFileType = sourcecode.c.h; path = TGCDTimer.h; sourceTree = "<group>"; };
		052D21FB28FA9ED100C3E09D /* TGCDTimer.m */ = {isa = PBXFileReference; fileEncoding = 4; lastKnownFileType = sourcecode.c.objc; path = TGCDTimer.m; sourceTree = "<group>"; };
		052D21FD28FA9FDB00C3E09D /* XTimer.swift */ = {isa = PBXFileReference; fileEncoding = 4; lastKnownFileType = sourcecode.swift; path = XTimer.swift; sourceTree = "<group>"; };
		052D21FF28FAB29800C3E09D /* TestContentView.swift */ = {isa = PBXFileReference; lastKnownFileType = sourcecode.swift; path = TestContentView.swift; sourceTree = "<group>"; };
		052D220328FAB3D800C3E09D /* TempoDotsView.swift */ = {isa = PBXFileReference; lastKnownFileType = sourcecode.swift; path = TempoDotsView.swift; sourceTree = "<group>"; };
		05339C5C2901575F00E05EA0 /* MicrophonePitchDetector */ = {isa = PBXFileReference; lastKnownFileType = wrapper; name = MicrophonePitchDetector; path = XMetro/Packages/MicrophonePitchDetector; sourceTree = "<group>"; };
		053C560228DD771400390B5B /* TempoRunButton.swift */ = {isa = PBXFileReference; lastKnownFileType = sourcecode.swift; path = TempoRunButton.swift; sourceTree = "<group>"; };
		053C560428DD957500390B5B /* ActivityVC.swift */ = {isa = PBXFileReference; lastKnownFileType = sourcecode.swift; path = ActivityVC.swift; sourceTree = "<group>"; };
		05520FBB28F8EEF9001814B0 /* Floats.swift */ = {isa = PBXFileReference; fileEncoding = 4; lastKnownFileType = sourcecode.swift; path = Floats.swift; sourceTree = "<group>"; };
		05520FBC28F8EEF9001814B0 /* PopupButton.swift */ = {isa = PBXFileReference; fileEncoding = 4; lastKnownFileType = sourcecode.swift; path = PopupButton.swift; sourceTree = "<group>"; };
		05520FBD28F8EEF9001814B0 /* Toasts.swift */ = {isa = PBXFileReference; fileEncoding = 4; lastKnownFileType = sourcecode.swift; path = Toasts.swift; sourceTree = "<group>"; };
		05520FBE28F8EEF9001814B0 /* ActionSheets.swift */ = {isa = PBXFileReference; fileEncoding = 4; lastKnownFileType = sourcecode.swift; path = ActionSheets.swift; sourceTree = "<group>"; };
		05520FBF28F8EEF9001814B0 /* Images.swift */ = {isa = PBXFileReference; fileEncoding = 4; lastKnownFileType = sourcecode.swift; path = Images.swift; sourceTree = "<group>"; };
		05520FC028F8EEF9001814B0 /* Utils.swift */ = {isa = PBXFileReference; fileEncoding = 4; lastKnownFileType = sourcecode.swift; path = Utils.swift; sourceTree = "<group>"; };
		05520FC128F8EEF9001814B0 /* Popups.swift */ = {isa = PBXFileReference; fileEncoding = 4; lastKnownFileType = sourcecode.swift; path = Popups.swift; sourceTree = "<group>"; };
		0557D8C528FCDD0A005A901A /* DB.swift */ = {isa = PBXFileReference; lastKnownFileType = sourcecode.swift; path = DB.swift; sourceTree = "<group>"; };
		0557D8CB28FD66FA005A901A /* XGCDGroup.m */ = {isa = PBXFileReference; fileEncoding = 4; lastKnownFileType = sourcecode.c.objc; path = XGCDGroup.m; sourceTree = "<group>"; };
		0557D8CC28FD66FA005A901A /* XGCDGroup.h */ = {isa = PBXFileReference; fileEncoding = 4; lastKnownFileType = sourcecode.c.h; path = XGCDGroup.h; sourceTree = "<group>"; };
		0557D8CE28FD6AFD005A901A /* DateUtils.swift */ = {isa = PBXFileReference; lastKnownFileType = sourcecode.swift; path = DateUtils.swift; sourceTree = "<group>"; };
		0557D8D128FDB4D6005A901A /* PushManager.swift */ = {isa = PBXFileReference; lastKnownFileType = sourcecode.swift; path = PushManager.swift; sourceTree = "<group>"; };
		0557D8D328FE51FB005A901A /* TempoRunManager.swift */ = {isa = PBXFileReference; lastKnownFileType = sourcecode.swift; path = TempoRunManager.swift; sourceTree = "<group>"; };
		0557D8D528FE7DF4005A901A /* TempoLibraryRow.swift */ = {isa = PBXFileReference; lastKnownFileType = sourcecode.swift; path = TempoLibraryRow.swift; sourceTree = "<group>"; };
		0557D8D828FFA934005A901A /* Default_strong.m4a */ = {isa = PBXFileReference; lastKnownFileType = file; path = Default_strong.m4a; sourceTree = "<group>"; };
		0557D8D928FFA934005A901A /* Default.m4a */ = {isa = PBXFileReference; lastKnownFileType = file; path = Default.m4a; sourceTree = "<group>"; };
		0557D8DC28FFB080005A901A /* Drum.m4a */ = {isa = PBXFileReference; lastKnownFileType = file; path = Drum.m4a; sourceTree = "<group>"; };
		0557D8DD28FFB080005A901A /* Drum_strong.m4a */ = {isa = PBXFileReference; lastKnownFileType = file; path = Drum_strong.m4a; sourceTree = "<group>"; };
		0557D8E2290113DB005A901A /* launch_icon.png */ = {isa = PBXFileReference; lastKnownFileType = image.png; path = launch_icon.png; sourceTree = "<group>"; };
		0557D8E4290123BB005A901A /* View+Appear.swift */ = {isa = PBXFileReference; lastKnownFileType = sourcecode.swift; path = "View+Appear.swift"; sourceTree = "<group>"; };
		0563BAA128794C3900E8FC7B /* PickerView.swift */ = {isa = PBXFileReference; lastKnownFileType = sourcecode.swift; path = PickerView.swift; sourceTree = "<group>"; };
		0578AD392889651E00AE5B04 /* XMetro.entitlements */ = {isa = PBXFileReference; lastKnownFileType = text.plist.entitlements; path = XMetro.entitlements; sourceTree = "<group>"; };
		0579280528D978C800FE70E6 /* Info.plist */ = {isa = PBXFileReference; lastKnownFileType = text.plist; path = Info.plist; sourceTree = "<group>"; };
		0579280628D97C2B00FE70E6 /* Launch Screen.storyboard */ = {isa = PBXFileReference; lastKnownFileType = file.storyboard; path = "Launch Screen.storyboard"; sourceTree = "<group>"; };
		0584DA7D288AA37B008712DF /* Assets.xcassets */ = {isa = PBXFileReference; lastKnownFileType = folder.assetcatalog; path = Assets.xcassets; sourceTree = "<group>"; };
		0585133C2887F4A700F7B3AF /* TempoScreen.swift */ = {isa = PBXFileReference; fileEncoding = 4; lastKnownFileType = sourcecode.swift; path = TempoScreen.swift; sourceTree = "<group>"; };
		0585133F2887F4D300F7B3AF /* SettingsScreen.swift */ = {isa = PBXFileReference; fileEncoding = 4; lastKnownFileType = sourcecode.swift; path = SettingsScreen.swift; sourceTree = "<group>"; };
		058513472887FAEF00F7B3AF /* Color+Extensions.swift */ = {isa = PBXFileReference; lastKnownFileType = sourcecode.swift; path = "Color+Extensions.swift"; sourceTree = "<group>"; };
		058C1C2D28F6B0220021C376 /* UserNotifications.framework */ = {isa = PBXFileReference; lastKnownFileType = wrapper.framework; name = UserNotifications.framework; path = System/Library/Frameworks/UserNotifications.framework; sourceTree = SDKROOT; };
		058C1C3228F6B3B00021C376 /* UMOC.h */ = {isa = PBXFileReference; lastKnownFileType = sourcecode.c.h; path = UMOC.h; sourceTree = "<group>"; };
		058C1C3328F6B3B00021C376 /* UMOC.m */ = {isa = PBXFileReference; lastKnownFileType = sourcecode.c.objc; path = UMOC.m; sourceTree = "<group>"; };
		059D995228DA03DD00741591 /* ModifierPreference.swift */ = {isa = PBXFileReference; fileEncoding = 4; lastKnownFileType = sourcecode.swift; path = ModifierPreference.swift; sourceTree = "<group>"; };
		059D995328DA03DD00741591 /* Frequency.swift */ = {isa = PBXFileReference; fileEncoding = 4; lastKnownFileType = sourcecode.swift; path = Frequency.swift; sourceTree = "<group>"; };
		059D995428DA03DD00741591 /* ScaleNote.swift */ = {isa = PBXFileReference; fileEncoding = 4; lastKnownFileType = sourcecode.swift; path = ScaleNote.swift; sourceTree = "<group>"; };
		059D995528DA03DD00741591 /* TunerData.swift */ = {isa = PBXFileReference; fileEncoding = 4; lastKnownFileType = sourcecode.swift; path = TunerData.swift; sourceTree = "<group>"; };
		059D995628DA03DD00741591 /* TunerScreen.swift */ = {isa = PBXFileReference; fileEncoding = 4; lastKnownFileType = sourcecode.swift; path = TunerScreen.swift; sourceTree = "<group>"; };
		059D995828DA03DD00741591 /* CurrentNoteMarker.swift */ = {isa = PBXFileReference; fileEncoding = 4; lastKnownFileType = sourcecode.swift; path = CurrentNoteMarker.swift; sourceTree = "<group>"; };
		059D995928DA03DD00741591 /* MatchedNoteView.swift */ = {isa = PBXFileReference; fileEncoding = 4; lastKnownFileType = sourcecode.swift; path = MatchedNoteView.swift; sourceTree = "<group>"; };
		059D995A28DA03DD00741591 /* NoteDistanceMarkers.swift */ = {isa = PBXFileReference; fileEncoding = 4; lastKnownFileType = sourcecode.swift; path = NoteDistanceMarkers.swift; sourceTree = "<group>"; };
		059D995B28DA03DD00741591 /* NoteTicks.swift */ = {isa = PBXFileReference; fileEncoding = 4; lastKnownFileType = sourcecode.swift; path = NoteTicks.swift; sourceTree = "<group>"; };
		059D995C28DA03DD00741591 /* MicrophoneAccessAlert.swift */ = {isa = PBXFileReference; fileEncoding = 4; lastKnownFileType = sourcecode.swift; path = MicrophoneAccessAlert.swift; sourceTree = "<group>"; };
		059D995D28DA03DD00741591 /* TranspositionMenu.swift */ = {isa = PBXFileReference; fileEncoding = 4; lastKnownFileType = sourcecode.swift; path = TranspositionMenu.swift; sourceTree = "<group>"; };
		059D995E28DA03DD00741591 /* MainNoteView.swift */ = {isa = PBXFileReference; fileEncoding = 4; lastKnownFileType = sourcecode.swift; path = MainNoteView.swift; sourceTree = "<group>"; };
		059D995F28DA03DD00741591 /* MatchedNoteFrequency.swift */ = {isa = PBXFileReference; fileEncoding = 4; lastKnownFileType = sourcecode.swift; path = MatchedNoteFrequency.swift; sourceTree = "<group>"; };
		059D996028DA03DD00741591 /* TunerView.swift */ = {isa = PBXFileReference; fileEncoding = 4; lastKnownFileType = sourcecode.swift; path = TunerView.swift; sourceTree = "<group>"; };
		05AFFE5A28F7178900474EBA /* SystemConfiguration.framework */ = {isa = PBXFileReference; lastKnownFileType = wrapper.framework; name = SystemConfiguration.framework; path = System/Library/Frameworks/SystemConfiguration.framework; sourceTree = SDKROOT; };
		05AFFE5C28F717A400474EBA /* libsqlite3.tbd */ = {isa = PBXFileReference; lastKnownFileType = "sourcecode.text-based-dylib-definition"; name = libsqlite3.tbd; path = usr/lib/libsqlite3.tbd; sourceTree = SDKROOT; };
		05AFFE5E28F717B200474EBA /* libz.tbd */ = {isa = PBXFileReference; lastKnownFileType = "sourcecode.text-based-dylib-definition"; name = libz.tbd; path = usr/lib/libz.tbd; sourceTree = SDKROOT; };
		05AFFE6028F717C900474EBA /* CoreTelephony.framework */ = {isa = PBXFileReference; lastKnownFileType = wrapper.framework; name = CoreTelephony.framework; path = System/Library/Frameworks/CoreTelephony.framework; sourceTree = SDKROOT; };
		05AFFE6228F71DEA00474EBA /* UmengHeaders.h */ = {isa = PBXFileReference; lastKnownFileType = sourcecode.c.h; path = UmengHeaders.h; sourceTree = "<group>"; };
		05B41AA2288538AC00151D70 /* Alignment.swift */ = {isa = PBXFileReference; fileEncoding = 4; lastKnownFileType = sourcecode.swift; path = Alignment.swift; sourceTree = "<group>"; };
		05B41AA3288538AC00151D70 /* ColorAnimation.swift */ = {isa = PBXFileReference; fileEncoding = 4; lastKnownFileType = sourcecode.swift; path = ColorAnimation.swift; sourceTree = "<group>"; };
		05B41AA4288538AC00151D70 /* Color+MusicalDistance.swift */ = {isa = PBXFileReference; fileEncoding = 4; lastKnownFileType = sourcecode.swift; path = "Color+MusicalDistance.swift"; sourceTree = "<group>"; };
		05D39C0E2876904200CCE136 /* XMetro.app */ = {isa = PBXFileReference; explicitFileType = wrapper.application; includeInIndex = 0; path = XMetro.app; sourceTree = BUILT_PRODUCTS_DIR; };
		05D39C112876904200CCE136 /* XMetroApp.swift */ = {isa = PBXFileReference; lastKnownFileType = sourcecode.swift; path = XMetroApp.swift; sourceTree = "<group>"; };
		05D39C132876904200CCE136 /* MainView.swift */ = {isa = PBXFileReference; lastKnownFileType = sourcecode.swift; path = MainView.swift; sourceTree = "<group>"; };
		05D39C182876904300CCE136 /* Preview Assets.xcassets */ = {isa = PBXFileReference; lastKnownFileType = folder.assetcatalog; path = "Preview Assets.xcassets"; sourceTree = "<group>"; };
		05D39C1E2876904300CCE136 /* XMetroTests.xctest */ = {isa = PBXFileReference; explicitFileType = wrapper.cfbundle; includeInIndex = 0; path = XMetroTests.xctest; sourceTree = BUILT_PRODUCTS_DIR; };
		05D39C222876904300CCE136 /* XMetroTests.swift */ = {isa = PBXFileReference; lastKnownFileType = sourcecode.swift; path = XMetroTests.swift; sourceTree = "<group>"; };
		05D39C282876904300CCE136 /* XMetroUITests.xctest */ = {isa = PBXFileReference; explicitFileType = wrapper.cfbundle; includeInIndex = 0; path = XMetroUITests.xctest; sourceTree = BUILT_PRODUCTS_DIR; };
		05D39C2C2876904300CCE136 /* XMetroUITests.swift */ = {isa = PBXFileReference; lastKnownFileType = sourcecode.swift; path = XMetroUITests.swift; sourceTree = "<group>"; };
		05D39C2E2876904300CCE136 /* XMetroUITestsLaunchTests.swift */ = {isa = PBXFileReference; lastKnownFileType = sourcecode.swift; path = XMetroUITestsLaunchTests.swift; sourceTree = "<group>"; };
		05D39C532876C54A00CCE136 /* TabItemView.swift */ = {isa = PBXFileReference; fileEncoding = 4; lastKnownFileType = sourcecode.swift; path = TabItemView.swift; sourceTree = "<group>"; };
		05D39C602876F06200CCE136 /* TabEnv.swift */ = {isa = PBXFileReference; fileEncoding = 4; lastKnownFileType = sourcecode.swift; path = TabEnv.swift; sourceTree = "<group>"; };
		05D39C612876F06200CCE136 /* TabState.swift */ = {isa = PBXFileReference; fileEncoding = 4; lastKnownFileType = sourcecode.swift; path = TabState.swift; sourceTree = "<group>"; };
		05D39C622876F06200CCE136 /* TabAction.swift */ = {isa = PBXFileReference; fileEncoding = 4; lastKnownFileType = sourcecode.swift; path = TabAction.swift; sourceTree = "<group>"; };
		05D39C632876F06200CCE136 /* TabView.swift */ = {isa = PBXFileReference; fileEncoding = 4; lastKnownFileType = sourcecode.swift; path = TabView.swift; sourceTree = "<group>"; };
		05D39C642876F06200CCE136 /* TabReducer.swift */ = {isa = PBXFileReference; fileEncoding = 4; lastKnownFileType = sourcecode.swift; path = TabReducer.swift; sourceTree = "<group>"; };
		05DD51CA28F79BC2004BCA89 /* TempoModel.swift */ = {isa = PBXFileReference; lastKnownFileType = sourcecode.swift; path = TempoModel.swift; sourceTree = "<group>"; };
		05DD51CC28F7B256004BCA89 /* TempoPlayers.swift */ = {isa = PBXFileReference; lastKnownFileType = sourcecode.swift; path = TempoPlayers.swift; sourceTree = "<group>"; };
		05E2847828F41F0C00B7C8BD /* XMetro-Bridging-Header.h */ = {isa = PBXFileReference; lastKnownFileType = sourcecode.c.h; path = "XMetro-Bridging-Header.h"; sourceTree = "<group>"; };
		05E2849828F4235400B7C8BD /* libc++.tbd */ = {isa = PBXFileReference; lastKnownFileType = "sourcecode.text-based-dylib-definition"; name = "libc++.tbd"; path = "usr/lib/libc++.tbd"; sourceTree = SDKROOT; };
		05E284B928F42A5C00B7C8BD /* UMAnalyticsSwift.swift */ = {isa = PBXFileReference; fileEncoding = 4; lastKnownFileType = sourcecode.swift; path = UMAnalyticsSwift.swift; sourceTree = "<group>"; };
		05E284BA28F42A5C00B7C8BD /* UMCommonSwift.swift */ = {isa = PBXFileReference; fileEncoding = 4; lastKnownFileType = sourcecode.swift; path = UMCommonSwift.swift; sourceTree = "<group>"; };
		05E284C028F42A5C00B7C8BD /* UMCommonLogSwift.swift */ = {isa = PBXFileReference; fileEncoding = 4; lastKnownFileType = sourcecode.swift; path = UMCommonLogSwift.swift; sourceTree = "<group>"; };
		05E284D428F42AAD00B7C8BD /* LibraryScreen.swift */ = {isa = PBXFileReference; lastKnownFileType = sourcecode.swift; path = LibraryScreen.swift; sourceTree = "<group>"; };
		05E284D628F4731D00B7C8BD /* LibraryListItem.swift */ = {isa = PBXFileReference; lastKnownFileType = sourcecode.swift; path = LibraryListItem.swift; sourceTree = "<group>"; };
		05E284D828F479A100B7C8BD /* AboutScreen.swift */ = {isa = PBXFileReference; fileEncoding = 4; lastKnownFileType = sourcecode.swift; path = AboutScreen.swift; sourceTree = "<group>"; };
		05E284DA28F47A7000B7C8BD /* SettingsListItem.swift */ = {isa = PBXFileReference; lastKnownFileType = sourcecode.swift; path = SettingsListItem.swift; sourceTree = "<group>"; };
		05E284DD28F4F8AB00B7C8BD /* Theme.swift */ = {isa = PBXFileReference; lastKnownFileType = sourcecode.swift; path = Theme.swift; sourceTree = "<group>"; };
		05E284DF28F4FB6F00B7C8BD /* AppDelegate.swift */ = {isa = PBXFileReference; lastKnownFileType = sourcecode.swift; path = AppDelegate.swift; sourceTree = "<group>"; };
		05E284E328F52B0000B7C8BD /* MetronomeSettingsScreen.swift */ = {isa = PBXFileReference; lastKnownFileType = sourcecode.swift; path = MetronomeSettingsScreen.swift; sourceTree = "<group>"; };
		05E284E528F52B3700B7C8BD /* TunerSettingsScreen.swift */ = {isa = PBXFileReference; lastKnownFileType = sourcecode.swift; path = TunerSettingsScreen.swift; sourceTree = "<group>"; };
		05E284E928F5678800B7C8BD /* launch_bg.jpg */ = {isa = PBXFileReference; lastKnownFileType = image.jpeg; path = launch_bg.jpg; sourceTree = "<group>"; };
		05E284EB28F5755400B7C8BD /* ChordLibraryScreen.swift */ = {isa = PBXFileReference; lastKnownFileType = sourcecode.swift; path = ChordLibraryScreen.swift; sourceTree = "<group>"; };
		05E284ED28F5757A00B7C8BD /* TempoLibraryScreen.swift */ = {isa = PBXFileReference; lastKnownFileType = sourcecode.swift; path = TempoLibraryScreen.swift; sourceTree = "<group>"; };
		05E284EF28F5758B00B7C8BD /* SetlistLibraryScreen.swift */ = {isa = PBXFileReference; lastKnownFileType = sourcecode.swift; path = SetlistLibraryScreen.swift; sourceTree = "<group>"; };
		05E284F228F597A600B7C8BD /* MetronomeSettingsListItem.swift */ = {isa = PBXFileReference; lastKnownFileType = sourcecode.swift; path = MetronomeSettingsListItem.swift; sourceTree = "<group>"; };
		05E284F428F5993C00B7C8BD /* TunerSettingsListItem.swift */ = {isa = PBXFileReference; lastKnownFileType = sourcecode.swift; path = TunerSettingsListItem.swift; sourceTree = "<group>"; };
		242DDA6598D6DC53515E32CE /* Pods-XMetro.debug.xcconfig */ = {isa = PBXFileReference; includeInIndex = 1; lastKnownFileType = text.xcconfig; name = "Pods-XMetro.debug.xcconfig"; path = "Target Support Files/Pods-XMetro/Pods-XMetro.debug.xcconfig"; sourceTree = "<group>"; };
		908AC7539FACC183CFF5D4A2 /* Pods-XMetro.release.xcconfig */ = {isa = PBXFileReference; includeInIndex = 1; lastKnownFileType = text.xcconfig; name = "Pods-XMetro.release.xcconfig"; path = "Target Support Files/Pods-XMetro/Pods-XMetro.release.xcconfig"; sourceTree = "<group>"; };
		B12AE02EB8FA2D79EAC35036 /* libPods-XMetro.a */ = {isa = PBXFileReference; explicitFileType = archive.ar; includeInIndex = 0; path = "libPods-XMetro.a"; sourceTree = BUILT_PRODUCTS_DIR; };
/* End PBXFileReference section */

/* Begin PBXFrameworksBuildPhase section */
		05D39C0B2876904200CCE136 /* Frameworks */ = {
			isa = PBXFrameworksBuildPhase;
			buildActionMask = 2147483647;
			files = (
				05AFFE6128F717C900474EBA /* CoreTelephony.framework in Frameworks */,
				05AFFE5F28F717B200474EBA /* libz.tbd in Frameworks */,
				05AFFE5D28F717A400474EBA /* libsqlite3.tbd in Frameworks */,
				0557D8C328FCDCCA005A901A /* GRDB in Frameworks */,
				05520FB928F863F6001814B0 /* PopupView in Frameworks */,
				0555D679290175EF00FA00B1 /* MicrophonePitchDetector in Frameworks */,
				05AFFE5B28F7178900474EBA /* SystemConfiguration.framework in Frameworks */,
				058C1C2E28F6B0230021C376 /* UserNotifications.framework in Frameworks */,
				0578AD3C28897E1700AE5B04 /* ComposableArchitecture in Frameworks */,
				059D997128DA9B0E00741591 /* ActivityIndicatorView in Frameworks */,
				5CCE39078C61F9C481461EAF /* libPods-XMetro.a in Frameworks */,
				05E2849928F4236900B7C8BD /* libc++.tbd in Frameworks */,
			);
			runOnlyForDeploymentPostprocessing = 0;
		};
		05D39C1B2876904300CCE136 /* Frameworks */ = {
			isa = PBXFrameworksBuildPhase;
			buildActionMask = 2147483647;
			files = (
			);
			runOnlyForDeploymentPostprocessing = 0;
		};
		05D39C252876904300CCE136 /* Frameworks */ = {
			isa = PBXFrameworksBuildPhase;
			buildActionMask = 2147483647;
			files = (
			);
			runOnlyForDeploymentPostprocessing = 0;
		};
/* End PBXFrameworksBuildPhase section */

/* Begin PBXGroup section */
		052D21F928FA9ED100C3E09D /* GCDTimer */ = {
			isa = PBXGroup;
			children = (
				052D21FA28FA9ED100C3E09D /* TGCDTimer.h */,
				052D21FB28FA9ED100C3E09D /* TGCDTimer.m */,
			);
			path = GCDTimer;
			sourceTree = "<group>";
		};
		05520FBA28F8EEF9001814B0 /* PopupView */ = {
			isa = PBXGroup;
			children = (
				05520FBE28F8EEF9001814B0 /* ActionSheets.swift */,
				05520FBB28F8EEF9001814B0 /* Floats.swift */,
				05520FBF28F8EEF9001814B0 /* Images.swift */,
				05520FBC28F8EEF9001814B0 /* PopupButton.swift */,
				05520FC128F8EEF9001814B0 /* Popups.swift */,
				05520FBD28F8EEF9001814B0 /* Toasts.swift */,
				05520FC028F8EEF9001814B0 /* Utils.swift */,
			);
			path = PopupView;
			sourceTree = "<group>";
		};
		0557D8C428FCDCFA005A901A /* DB */ = {
			isa = PBXGroup;
			children = (
				0557D8C528FCDD0A005A901A /* DB.swift */,
			);
			path = DB;
			sourceTree = "<group>";
		};
		0557D8CA28FD66FA005A901A /* GCDGroup */ = {
			isa = PBXGroup;
			children = (
				0557D8CB28FD66FA005A901A /* XGCDGroup.m */,
				0557D8CC28FD66FA005A901A /* XGCDGroup.h */,
			);
			path = GCDGroup;
			sourceTree = "<group>";
		};
		0557D8D028FDB4BF005A901A /* Push */ = {
			isa = PBXGroup;
			children = (
				0557D8D128FDB4D6005A901A /* PushManager.swift */,
			);
			name = Push;
			path = XMetro/Push;
			sourceTree = SOURCE_ROOT;
		};
		0557D8D728FFA934005A901A /* Audio */ = {
			isa = PBXGroup;
			children = (
				0557D8DC28FFB080005A901A /* Drum.m4a */,
				0557D8DD28FFB080005A901A /* Drum_strong.m4a */,
				0557D8D828FFA934005A901A /* Default_strong.m4a */,
				0557D8D928FFA934005A901A /* Default.m4a */,
			);
			path = Audio;
			sourceTree = "<group>";
		};
		0584DA7B288AA37B008712DF /* Assets */ = {
			isa = PBXGroup;
			children = (
				0557D8D728FFA934005A901A /* Audio */,
				05E284E928F5678800B7C8BD /* launch_bg.jpg */,
				0557D8E2290113DB005A901A /* launch_icon.png */,
				0584DA7D288AA37B008712DF /* Assets.xcassets */,
			);
			path = Assets;
			sourceTree = "<group>";
		};
		0585133B2887F4A700F7B3AF /* Tempo */ = {
			isa = PBXGroup;
			children = (
				0563BAA128794C3900E8FC7B /* PickerView.swift */,
				052025AB287807350059654B /* TempoScreenAction.swift */,
				053C560228DD771400390B5B /* TempoRunButton.swift */,
				0585133C2887F4A700F7B3AF /* TempoScreen.swift */,
				05DD51CA28F79BC2004BCA89 /* TempoModel.swift */,
				05DD51CC28F7B256004BCA89 /* TempoPlayers.swift */,
				052D21F328FA6C9C00C3E09D /* TempoPrefix.swift */,
				052D21FF28FAB29800C3E09D /* TestContentView.swift */,
				052D220328FAB3D800C3E09D /* TempoDotsView.swift */,
				0557D8D328FE51FB005A901A /* TempoRunManager.swift */,
			);
			path = Tempo;
			sourceTree = "<group>";
		};
		0585133E2887F4D300F7B3AF /* Settings */ = {
			isa = PBXGroup;
			children = (
				05E284DA28F47A7000B7C8BD /* SettingsListItem.swift */,
				05E284F428F5993C00B7C8BD /* TunerSettingsListItem.swift */,
				05E284F228F597A600B7C8BD /* MetronomeSettingsListItem.swift */,
				05E284D828F479A100B7C8BD /* AboutScreen.swift */,
				0585133F2887F4D300F7B3AF /* SettingsScreen.swift */,
				05E284E528F52B3700B7C8BD /* TunerSettingsScreen.swift */,
				05E284E328F52B0000B7C8BD /* MetronomeSettingsScreen.swift */,
			);
			path = Settings;
			sourceTree = "<group>";
		};
		058513442887F60900F7B3AF /* Frameworks */ = {
			isa = PBXGroup;
			children = (
				05AFFE6028F717C900474EBA /* CoreTelephony.framework */,
				05AFFE5E28F717B200474EBA /* libz.tbd */,
				05AFFE5C28F717A400474EBA /* libsqlite3.tbd */,
				05AFFE5A28F7178900474EBA /* SystemConfiguration.framework */,
				058C1C2D28F6B0220021C376 /* UserNotifications.framework */,
				05E2849828F4235400B7C8BD /* libc++.tbd */,
				B12AE02EB8FA2D79EAC35036 /* libPods-XMetro.a */,
			);
			name = Frameworks;
			sourceTree = "<group>";
		};
		058C1C3128F6B39C0021C376 /* UMOC */ = {
			isa = PBXGroup;
			children = (
				058C1C3228F6B3B00021C376 /* UMOC.h */,
				058C1C3328F6B3B00021C376 /* UMOC.m */,
				05AFFE6228F71DEA00474EBA /* UmengHeaders.h */,
			);
			path = UMOC;
			sourceTree = "<group>";
		};
		059D995028DA03DD00741591 /* Tuner */ = {
			isa = PBXGroup;
			children = (
				059D995628DA03DD00741591 /* TunerScreen.swift */,
				059D996028DA03DD00741591 /* TunerView.swift */,
				059D995128DA03DD00741591 /* Models */,
				059D995728DA03DD00741591 /* Views */,
			);
			path = Tuner;
			sourceTree = "<group>";
		};
		059D995128DA03DD00741591 /* Models */ = {
			isa = PBXGroup;
			children = (
				059D995228DA03DD00741591 /* ModifierPreference.swift */,
				059D995328DA03DD00741591 /* Frequency.swift */,
				059D995428DA03DD00741591 /* ScaleNote.swift */,
				059D995528DA03DD00741591 /* TunerData.swift */,
			);
			path = Models;
			sourceTree = "<group>";
		};
		059D995728DA03DD00741591 /* Views */ = {
			isa = PBXGroup;
			children = (
				059D995828DA03DD00741591 /* CurrentNoteMarker.swift */,
				059D995928DA03DD00741591 /* MatchedNoteView.swift */,
				059D995A28DA03DD00741591 /* NoteDistanceMarkers.swift */,
				059D995B28DA03DD00741591 /* NoteTicks.swift */,
				059D995C28DA03DD00741591 /* MicrophoneAccessAlert.swift */,
				059D995D28DA03DD00741591 /* TranspositionMenu.swift */,
				059D995E28DA03DD00741591 /* MainNoteView.swift */,
				059D995F28DA03DD00741591 /* MatchedNoteFrequency.swift */,
			);
			path = Views;
			sourceTree = "<group>";
		};
		05B41AA12885389300151D70 /* Helpers */ = {
			isa = PBXGroup;
			children = (
				05B41AA2288538AC00151D70 /* Alignment.swift */,
				05B41AA4288538AC00151D70 /* Color+MusicalDistance.swift */,
				05B41AA3288538AC00151D70 /* ColorAnimation.swift */,
				058513472887FAEF00F7B3AF /* Color+Extensions.swift */,
				053C560428DD957500390B5B /* ActivityVC.swift */,
			);
			path = Helpers;
			sourceTree = "<group>";
		};
		05B41AB22885399300151D70 /* Packages */ = {
			isa = PBXGroup;
			children = (
				05339C5C2901575F00E05EA0 /* MicrophonePitchDetector */,
			);
			name = Packages;
			sourceTree = "<group>";
		};
		05D39C052876904200CCE136 = {
			isa = PBXGroup;
			children = (
				05B41AB22885399300151D70 /* Packages */,
				05D39C102876904200CCE136 /* XMetro */,
				05D39C212876904300CCE136 /* XMetroTests */,
				05D39C2B2876904300CCE136 /* XMetroUITests */,
				05D39C0F2876904200CCE136 /* Products */,
				058513442887F60900F7B3AF /* Frameworks */,
				7FE4EA469A244F35F3D20521 /* Pods */,
			);
			sourceTree = "<group>";
		};
		05D39C0F2876904200CCE136 /* Products */ = {
			isa = PBXGroup;
			children = (
				05D39C0E2876904200CCE136 /* XMetro.app */,
				05D39C1E2876904300CCE136 /* XMetroTests.xctest */,
				05D39C282876904300CCE136 /* XMetroUITests.xctest */,
			);
			name = Products;
			sourceTree = "<group>";
		};
		05D39C102876904200CCE136 /* XMetro */ = {
			isa = PBXGroup;
			children = (
				0578AD392889651E00AE5B04 /* XMetro.entitlements */,
				0579280528D978C800FE70E6 /* Info.plist */,
				05E2847828F41F0C00B7C8BD /* XMetro-Bridging-Header.h */,
				0579280628D97C2B00FE70E6 /* Launch Screen.storyboard */,
				05D39C132876904200CCE136 /* MainView.swift */,
				05D39C112876904200CCE136 /* XMetroApp.swift */,
				05E284DF28F4FB6F00B7C8BD /* AppDelegate.swift */,
				05D39C172876904300CCE136 /* Preview Content */,
				0584DA7B288AA37B008712DF /* Assets */,
				0557D8D028FDB4BF005A901A /* Push */,
				0557D8C428FCDCFA005A901A /* DB */,
				05B41AA12885389300151D70 /* Helpers */,
				05E284DC28F4F8A200B7C8BD /* Theme */,
				05E284B628F42A5C00B7C8BD /* Vendor */,
				05D39C402876914500CCE136 /* Tabbar */,
				0585133B2887F4A700F7B3AF /* Tempo */,
				059D995028DA03DD00741591 /* Tuner */,
				05E284D328F42A9B00B7C8BD /* Library */,
				0585133E2887F4D300F7B3AF /* Settings */,
			);
			path = XMetro;
			sourceTree = "<group>";
		};
		05D39C172876904300CCE136 /* Preview Content */ = {
			isa = PBXGroup;
			children = (
				05D39C182876904300CCE136 /* Preview Assets.xcassets */,
			);
			path = "Preview Content";
			sourceTree = "<group>";
		};
		05D39C212876904300CCE136 /* XMetroTests */ = {
			isa = PBXGroup;
			children = (
				05D39C222876904300CCE136 /* XMetroTests.swift */,
			);
			path = XMetroTests;
			sourceTree = "<group>";
		};
		05D39C2B2876904300CCE136 /* XMetroUITests */ = {
			isa = PBXGroup;
			children = (
				05D39C2C2876904300CCE136 /* XMetroUITests.swift */,
				05D39C2E2876904300CCE136 /* XMetroUITestsLaunchTests.swift */,
			);
			path = XMetroUITests;
			sourceTree = "<group>";
		};
		05D39C402876914500CCE136 /* Tabbar */ = {
			isa = PBXGroup;
			children = (
				05D39C602876F06200CCE136 /* TabEnv.swift */,
				05D39C612876F06200CCE136 /* TabState.swift */,
				05D39C622876F06200CCE136 /* TabAction.swift */,
				05D39C632876F06200CCE136 /* TabView.swift */,
				05D39C642876F06200CCE136 /* TabReducer.swift */,
				05D39C532876C54A00CCE136 /* TabItemView.swift */,
			);
			path = Tabbar;
			sourceTree = "<group>";
		};
		05E284B628F42A5C00B7C8BD /* Vendor */ = {
			isa = PBXGroup;
			children = (
				052D21FD28FA9FDB00C3E09D /* XTimer.swift */,
				0557D8CE28FD6AFD005A901A /* DateUtils.swift */,
				0557D8E4290123BB005A901A /* View+Appear.swift */,
				0557D8CA28FD66FA005A901A /* GCDGroup */,
				052D21F928FA9ED100C3E09D /* GCDTimer */,
				05520FBA28F8EEF9001814B0 /* PopupView */,
				05E284B728F42A5C00B7C8BD /* Umeng */,
			);
			path = Vendor;
			sourceTree = "<group>";
		};
		05E284B728F42A5C00B7C8BD /* Umeng */ = {
			isa = PBXGroup;
			children = (
				058C1C3128F6B39C0021C376 /* UMOC */,
				05E284B828F42A5C00B7C8BD /* UMSwift */,
			);
			path = Umeng;
			sourceTree = "<group>";
		};
		05E284B828F42A5C00B7C8BD /* UMSwift */ = {
			isa = PBXGroup;
			children = (
				05E284B928F42A5C00B7C8BD /* UMAnalyticsSwift.swift */,
				05E284BA28F42A5C00B7C8BD /* UMCommonSwift.swift */,
				05E284C028F42A5C00B7C8BD /* UMCommonLogSwift.swift */,
			);
			path = UMSwift;
			sourceTree = "<group>";
		};
		05E284D328F42A9B00B7C8BD /* Library */ = {
			isa = PBXGroup;
			children = (
				05E284D628F4731D00B7C8BD /* LibraryListItem.swift */,
				05E284D428F42AAD00B7C8BD /* LibraryScreen.swift */,
				05E284EB28F5755400B7C8BD /* ChordLibraryScreen.swift */,
				05E284ED28F5757A00B7C8BD /* TempoLibraryScreen.swift */,
				05E284EF28F5758B00B7C8BD /* SetlistLibraryScreen.swift */,
				0557D8D528FE7DF4005A901A /* TempoLibraryRow.swift */,
			);
			path = Library;
			sourceTree = "<group>";
		};
		05E284DC28F4F8A200B7C8BD /* Theme */ = {
			isa = PBXGroup;
			children = (
				05E284DD28F4F8AB00B7C8BD /* Theme.swift */,
			);
			path = Theme;
			sourceTree = "<group>";
		};
		7FE4EA469A244F35F3D20521 /* Pods */ = {
			isa = PBXGroup;
			children = (
				242DDA6598D6DC53515E32CE /* Pods-XMetro.debug.xcconfig */,
				908AC7539FACC183CFF5D4A2 /* Pods-XMetro.release.xcconfig */,
			);
			path = Pods;
			sourceTree = "<group>";
		};
/* End PBXGroup section */

/* Begin PBXNativeTarget section */
		05D39C0D2876904200CCE136 /* XMetro */ = {
			isa = PBXNativeTarget;
			buildConfigurationList = 05D39C322876904300CCE136 /* Build configuration list for PBXNativeTarget "XMetro" */;
			buildPhases = (
				A6952C41A0A1823C882E2803 /* [CP] Check Pods Manifest.lock */,
				05D39C0A2876904200CCE136 /* Sources */,
				05D39C0B2876904200CCE136 /* Frameworks */,
				05D39C0C2876904200CCE136 /* Resources */,
				F7168FE10FD96C535DB23D92 /* [CP] Copy Pods Resources */,
			);
			buildRules = (
			);
			dependencies = (
			);
			name = XMetro;
			packageProductDependencies = (
				0578AD3B28897E1700AE5B04 /* ComposableArchitecture */,
				059D997028DA9B0E00741591 /* ActivityIndicatorView */,
				05520FB828F863F6001814B0 /* PopupView */,
				0557D8C228FCDCCA005A901A /* GRDB */,
				0555D678290175EF00FA00B1 /* MicrophonePitchDetector */,
			);
			productName = WhenBored;
			productReference = 05D39C0E2876904200CCE136 /* XMetro.app */;
			productType = "com.apple.product-type.application";
		};
		05D39C1D2876904300CCE136 /* XMetroTests */ = {
			isa = PBXNativeTarget;
			buildConfigurationList = 05D39C352876904300CCE136 /* Build configuration list for PBXNativeTarget "XMetroTests" */;
			buildPhases = (
				05D39C1A2876904300CCE136 /* Sources */,
				05D39C1B2876904300CCE136 /* Frameworks */,
				05D39C1C2876904300CCE136 /* Resources */,
			);
			buildRules = (
			);
			dependencies = (
				05D39C202876904300CCE136 /* PBXTargetDependency */,
			);
			name = XMetroTests;
			productName = WhenBoredTests;
			productReference = 05D39C1E2876904300CCE136 /* XMetroTests.xctest */;
			productType = "com.apple.product-type.bundle.unit-test";
		};
		05D39C272876904300CCE136 /* XMetroUITests */ = {
			isa = PBXNativeTarget;
			buildConfigurationList = 05D39C382876904300CCE136 /* Build configuration list for PBXNativeTarget "XMetroUITests" */;
			buildPhases = (
				05D39C242876904300CCE136 /* Sources */,
				05D39C252876904300CCE136 /* Frameworks */,
				05D39C262876904300CCE136 /* Resources */,
			);
			buildRules = (
			);
			dependencies = (
				05D39C2A2876904300CCE136 /* PBXTargetDependency */,
			);
			name = XMetroUITests;
			productName = WhenBoredUITests;
			productReference = 05D39C282876904300CCE136 /* XMetroUITests.xctest */;
			productType = "com.apple.product-type.bundle.ui-testing";
		};
/* End PBXNativeTarget section */

/* Begin PBXProject section */
		05D39C062876904200CCE136 /* Project object */ = {
			isa = PBXProject;
			attributes = {
				BuildIndependentTargetsInParallel = 1;
				LastSwiftUpdateCheck = 1320;
				LastUpgradeCheck = 1320;
				TargetAttributes = {
					05D39C0D2876904200CCE136 = {
						CreatedOnToolsVersion = 13.2;
					};
					05D39C1D2876904300CCE136 = {
						CreatedOnToolsVersion = 13.2;
						TestTargetID = 05D39C0D2876904200CCE136;
					};
					05D39C272876904300CCE136 = {
						CreatedOnToolsVersion = 13.2;
						TestTargetID = 05D39C0D2876904200CCE136;
					};
				};
			};
			buildConfigurationList = 05D39C092876904200CCE136 /* Build configuration list for PBXProject "XMetro" */;
			compatibilityVersion = "Xcode 13.0";
			developmentRegion = en;
			hasScannedForEncodings = 0;
			knownRegions = (
				en,
				Base,
			);
			mainGroup = 05D39C052876904200CCE136;
			packageReferences = (
				0578AD3A28897E1700AE5B04 /* XCRemoteSwiftPackageReference "swift-composable-architecture" */,
				059D996F28DA9B0E00741591 /* XCRemoteSwiftPackageReference "ActivityIndicatorView" */,
				05520FB728F863F6001814B0 /* XCRemoteSwiftPackageReference "PopupView" */,
				0557D8C128FCDCC9005A901A /* XCRemoteSwiftPackageReference "GRDB.swift" */,
			);
			productRefGroup = 05D39C0F2876904200CCE136 /* Products */;
			projectDirPath = "";
			projectRoot = "";
			targets = (
				05D39C0D2876904200CCE136 /* XMetro */,
				05D39C1D2876904300CCE136 /* XMetroTests */,
				05D39C272876904300CCE136 /* XMetroUITests */,
			);
		};
/* End PBXProject section */

/* Begin PBXResourcesBuildPhase section */
		05D39C0C2876904200CCE136 /* Resources */ = {
			isa = PBXResourcesBuildPhase;
			buildActionMask = 2147483647;
			files = (
				0557D8DE28FFB080005A901A /* Drum.m4a in Resources */,
				0584DA80288AA37B008712DF /* Assets.xcassets in Resources */,
				0557D8DA28FFA935005A901A /* Default_strong.m4a in Resources */,
				05E284EA28F5678800B7C8BD /* launch_bg.jpg in Resources */,
				0579280728D97C2B00FE70E6 /* Launch Screen.storyboard in Resources */,
				0557D8DB28FFA935005A901A /* Default.m4a in Resources */,
				05D39C192876904300CCE136 /* Preview Assets.xcassets in Resources */,
				0557D8DF28FFB080005A901A /* Drum_strong.m4a in Resources */,
				0557D8E3290113DB005A901A /* launch_icon.png in Resources */,
			);
			runOnlyForDeploymentPostprocessing = 0;
		};
		05D39C1C2876904300CCE136 /* Resources */ = {
			isa = PBXResourcesBuildPhase;
			buildActionMask = 2147483647;
			files = (
			);
			runOnlyForDeploymentPostprocessing = 0;
		};
		05D39C262876904300CCE136 /* Resources */ = {
			isa = PBXResourcesBuildPhase;
			buildActionMask = 2147483647;
			files = (
			);
			runOnlyForDeploymentPostprocessing = 0;
		};
/* End PBXResourcesBuildPhase section */

/* Begin PBXShellScriptBuildPhase section */
		A6952C41A0A1823C882E2803 /* [CP] Check Pods Manifest.lock */ = {
			isa = PBXShellScriptBuildPhase;
			buildActionMask = 2147483647;
			files = (
			);
			inputFileListPaths = (
			);
			inputPaths = (
				"${PODS_PODFILE_DIR_PATH}/Podfile.lock",
				"${PODS_ROOT}/Manifest.lock",
			);
			name = "[CP] Check Pods Manifest.lock";
			outputFileListPaths = (
			);
			outputPaths = (
				"$(DERIVED_FILE_DIR)/Pods-XMetro-checkManifestLockResult.txt",
			);
			runOnlyForDeploymentPostprocessing = 0;
			shellPath = /bin/sh;
			shellScript = "diff \"${PODS_PODFILE_DIR_PATH}/Podfile.lock\" \"${PODS_ROOT}/Manifest.lock\" > /dev/null\nif [ $? != 0 ] ; then\n    # print error to STDERR\n    echo \"error: The sandbox is not in sync with the Podfile.lock. Run 'pod install' or update your CocoaPods installation.\" >&2\n    exit 1\nfi\n# This output is used by Xcode 'outputs' to avoid re-running this script phase.\necho \"SUCCESS\" > \"${SCRIPT_OUTPUT_FILE_0}\"\n";
			showEnvVarsInLog = 0;
		};
		F7168FE10FD96C535DB23D92 /* [CP] Copy Pods Resources */ = {
			isa = PBXShellScriptBuildPhase;
			buildActionMask = 2147483647;
			files = (
			);
			inputFileListPaths = (
				"${PODS_ROOT}/Target Support Files/Pods-XMetro/Pods-XMetro-resources-${CONFIGURATION}-input-files.xcfilelist",
			);
			name = "[CP] Copy Pods Resources";
			outputFileListPaths = (
				"${PODS_ROOT}/Target Support Files/Pods-XMetro/Pods-XMetro-resources-${CONFIGURATION}-output-files.xcfilelist",
			);
			runOnlyForDeploymentPostprocessing = 0;
			shellPath = /bin/sh;
			shellScript = "\"${PODS_ROOT}/Target Support Files/Pods-XMetro/Pods-XMetro-resources.sh\"\n";
			showEnvVarsInLog = 0;
		};
/* End PBXShellScriptBuildPhase section */

/* Begin PBXSourcesBuildPhase section */
		05D39C0A2876904200CCE136 /* Sources */ = {
			isa = PBXSourcesBuildPhase;
			buildActionMask = 2147483647;
			files = (
				052D21FE28FA9FDB00C3E09D /* XTimer.swift in Sources */,
				059D996E28DA03DD00741591 /* TunerView.swift in Sources */,
				05520FC828F8EEF9001814B0 /* Popups.swift in Sources */,
				052D220028FAB29800C3E09D /* TestContentView.swift in Sources */,
				05D39C552876C54B00CCE136 /* TabItemView.swift in Sources */,
				05E284C828F42A5C00B7C8BD /* UMCommonSwift.swift in Sources */,
				05E284E428F52B0000B7C8BD /* MetronomeSettingsScreen.swift in Sources */,
				05B41AA7288538AC00151D70 /* Color+MusicalDistance.swift in Sources */,
				05E284D728F4731D00B7C8BD /* LibraryListItem.swift in Sources */,
				05E284DB28F47A7000B7C8BD /* SettingsListItem.swift in Sources */,
				052D21FC28FA9ED100C3E09D /* TGCDTimer.m in Sources */,
				05E284D928F479A100B7C8BD /* AboutScreen.swift in Sources */,
				059D996C28DA03DD00741591 /* MainNoteView.swift in Sources */,
				0557D8D428FE51FB005A901A /* TempoRunManager.swift in Sources */,
				059D996A28DA03DD00741591 /* MicrophoneAccessAlert.swift in Sources */,
				0585133D2887F4A700F7B3AF /* TempoScreen.swift in Sources */,
				059D996128DA03DD00741591 /* ModifierPreference.swift in Sources */,
				05E284F028F5758B00B7C8BD /* SetlistLibraryScreen.swift in Sources */,
				059D996228DA03DD00741591 /* Frequency.swift in Sources */,
				05E284F328F597A600B7C8BD /* MetronomeSettingsListItem.swift in Sources */,
				052D220428FAB3D800C3E09D /* TempoDotsView.swift in Sources */,
				052D21F428FA6C9C00C3E09D /* TempoPrefix.swift in Sources */,
				05D39C662876F06200CCE136 /* TabState.swift in Sources */,
				059D996328DA03DD00741591 /* ScaleNote.swift in Sources */,
				058513482887FAEF00F7B3AF /* Color+Extensions.swift in Sources */,
				05520FC428F8EEF9001814B0 /* Toasts.swift in Sources */,
				05520FC228F8EEF9001814B0 /* Floats.swift in Sources */,
				05DD51CB28F79BC2004BCA89 /* TempoModel.swift in Sources */,
				05E284E628F52B3700B7C8BD /* TunerSettingsScreen.swift in Sources */,
				05D39C652876F06200CCE136 /* TabEnv.swift in Sources */,
				059D996528DA03DD00741591 /* TunerScreen.swift in Sources */,
				059D996428DA03DD00741591 /* TunerData.swift in Sources */,
				05520FC328F8EEF9001814B0 /* PopupButton.swift in Sources */,
				05E284C728F42A5C00B7C8BD /* UMAnalyticsSwift.swift in Sources */,
				059D996628DA03DD00741591 /* CurrentNoteMarker.swift in Sources */,
				05E284D528F42AAD00B7C8BD /* LibraryScreen.swift in Sources */,
				05B41AA5288538AC00151D70 /* Alignment.swift in Sources */,
				05D39C142876904200CCE136 /* MainView.swift in Sources */,
				0557D8D228FDB4D6005A901A /* PushManager.swift in Sources */,
				05DD51CD28F7B256004BCA89 /* TempoPlayers.swift in Sources */,
				052025AC287807350059654B /* TempoScreenAction.swift in Sources */,
				05D39C672876F06200CCE136 /* TabAction.swift in Sources */,
				0557D8CD28FD66FA005A901A /* XGCDGroup.m in Sources */,
				05E284F528F5993C00B7C8BD /* TunerSettingsListItem.swift in Sources */,
				0557D8C628FCDD0A005A901A /* DB.swift in Sources */,
				053C560528DD957500390B5B /* ActivityVC.swift in Sources */,
				05520FC728F8EEF9001814B0 /* Utils.swift in Sources */,
				058C1C3428F6B3B00021C376 /* UMOC.m in Sources */,
				0563BAA228794C3900E8FC7B /* PickerView.swift in Sources */,
				059D996B28DA03DD00741591 /* TranspositionMenu.swift in Sources */,
				05D39C122876904200CCE136 /* XMetroApp.swift in Sources */,
				05520FC628F8EEF9001814B0 /* Images.swift in Sources */,
				058513402887F4D300F7B3AF /* SettingsScreen.swift in Sources */,
				059D996728DA03DD00741591 /* MatchedNoteView.swift in Sources */,
				059D996D28DA03DD00741591 /* MatchedNoteFrequency.swift in Sources */,
				05E284DE28F4F8AB00B7C8BD /* Theme.swift in Sources */,
				05D39C682876F06200CCE136 /* TabView.swift in Sources */,
				0557D8CF28FD6AFD005A901A /* DateUtils.swift in Sources */,
				0557D8D628FE7DF4005A901A /* TempoLibraryRow.swift in Sources */,
				053C560328DD771400390B5B /* TempoRunButton.swift in Sources */,
				05520FC528F8EEF9001814B0 /* ActionSheets.swift in Sources */,
				05E284E028F4FB6F00B7C8BD /* AppDelegate.swift in Sources */,
				0557D8E5290123BB005A901A /* View+Appear.swift in Sources */,
				05E284CD28F42A5C00B7C8BD /* UMCommonLogSwift.swift in Sources */,
				059D996928DA03DD00741591 /* NoteTicks.swift in Sources */,
				05B41AA6288538AC00151D70 /* ColorAnimation.swift in Sources */,
				05E284EE28F5757A00B7C8BD /* TempoLibraryScreen.swift in Sources */,
				05D39C692876F06200CCE136 /* TabReducer.swift in Sources */,
				05E284EC28F5755400B7C8BD /* ChordLibraryScreen.swift in Sources */,
				059D996828DA03DD00741591 /* NoteDistanceMarkers.swift in Sources */,
			);
			runOnlyForDeploymentPostprocessing = 0;
		};
		05D39C1A2876904300CCE136 /* Sources */ = {
			isa = PBXSourcesBuildPhase;
			buildActionMask = 2147483647;
			files = (
				05D39C232876904300CCE136 /* XMetroTests.swift in Sources */,
			);
			runOnlyForDeploymentPostprocessing = 0;
		};
		05D39C242876904300CCE136 /* Sources */ = {
			isa = PBXSourcesBuildPhase;
			buildActionMask = 2147483647;
			files = (
				05D39C2D2876904300CCE136 /* XMetroUITests.swift in Sources */,
				05D39C2F2876904300CCE136 /* XMetroUITestsLaunchTests.swift in Sources */,
			);
			runOnlyForDeploymentPostprocessing = 0;
		};
/* End PBXSourcesBuildPhase section */

/* Begin PBXTargetDependency section */
		05D39C202876904300CCE136 /* PBXTargetDependency */ = {
			isa = PBXTargetDependency;
			target = 05D39C0D2876904200CCE136 /* XMetro */;
			targetProxy = 05D39C1F2876904300CCE136 /* PBXContainerItemProxy */;
		};
		05D39C2A2876904300CCE136 /* PBXTargetDependency */ = {
			isa = PBXTargetDependency;
			target = 05D39C0D2876904200CCE136 /* XMetro */;
			targetProxy = 05D39C292876904300CCE136 /* PBXContainerItemProxy */;
		};
/* End PBXTargetDependency section */

/* Begin XCBuildConfiguration section */
		05D39C302876904300CCE136 /* Debug */ = {
			isa = XCBuildConfiguration;
			buildSettings = {
				ALWAYS_SEARCH_USER_PATHS = NO;
				CLANG_ANALYZER_NONNULL = YES;
				CLANG_ANALYZER_NUMBER_OBJECT_CONVERSION = YES_AGGRESSIVE;
				CLANG_CXX_LANGUAGE_STANDARD = "gnu++17";
				CLANG_CXX_LIBRARY = "libc++";
				CLANG_ENABLE_MODULES = YES;
				CLANG_ENABLE_OBJC_ARC = YES;
				CLANG_ENABLE_OBJC_WEAK = YES;
				CLANG_WARN_BLOCK_CAPTURE_AUTORELEASING = YES;
				CLANG_WARN_BOOL_CONVERSION = YES;
				CLANG_WARN_COMMA = YES;
				CLANG_WARN_CONSTANT_CONVERSION = YES;
				CLANG_WARN_DEPRECATED_OBJC_IMPLEMENTATIONS = YES;
				CLANG_WARN_DIRECT_OBJC_ISA_USAGE = YES_ERROR;
				CLANG_WARN_DOCUMENTATION_COMMENTS = YES;
				CLANG_WARN_EMPTY_BODY = YES;
				CLANG_WARN_ENUM_CONVERSION = YES;
				CLANG_WARN_INFINITE_RECURSION = YES;
				CLANG_WARN_INT_CONVERSION = YES;
				CLANG_WARN_NON_LITERAL_NULL_CONVERSION = YES;
				CLANG_WARN_OBJC_IMPLICIT_RETAIN_SELF = YES;
				CLANG_WARN_OBJC_LITERAL_CONVERSION = YES;
				CLANG_WARN_OBJC_ROOT_CLASS = YES_ERROR;
				CLANG_WARN_QUOTED_INCLUDE_IN_FRAMEWORK_HEADER = YES;
				CLANG_WARN_RANGE_LOOP_ANALYSIS = YES;
				CLANG_WARN_STRICT_PROTOTYPES = YES;
				CLANG_WARN_SUSPICIOUS_MOVE = YES;
				CLANG_WARN_UNGUARDED_AVAILABILITY = YES_AGGRESSIVE;
				CLANG_WARN_UNREACHABLE_CODE = YES;
				CLANG_WARN__DUPLICATE_METHOD_MATCH = YES;
				COPY_PHASE_STRIP = NO;
				DEBUG_INFORMATION_FORMAT = dwarf;
				ENABLE_STRICT_OBJC_MSGSEND = YES;
				ENABLE_TESTABILITY = YES;
				GCC_C_LANGUAGE_STANDARD = gnu11;
				GCC_DYNAMIC_NO_PIC = NO;
				GCC_NO_COMMON_BLOCKS = YES;
				GCC_OPTIMIZATION_LEVEL = 0;
				GCC_PREPROCESSOR_DEFINITIONS = (
					"DEBUG=1",
					"$(inherited)",
				);
				GCC_WARN_64_TO_32_BIT_CONVERSION = YES;
				GCC_WARN_ABOUT_RETURN_TYPE = YES_ERROR;
				GCC_WARN_UNDECLARED_SELECTOR = YES;
				GCC_WARN_UNINITIALIZED_AUTOS = YES_AGGRESSIVE;
				GCC_WARN_UNUSED_FUNCTION = YES;
				GCC_WARN_UNUSED_VARIABLE = YES;
				IPHONEOS_DEPLOYMENT_TARGET = 15.0;
				MTL_ENABLE_DEBUG_INFO = INCLUDE_SOURCE;
				MTL_FAST_MATH = YES;
				ONLY_ACTIVE_ARCH = YES;
				SDKROOT = iphoneos;
				SWIFT_ACTIVE_COMPILATION_CONDITIONS = DEBUG;
				SWIFT_OPTIMIZATION_LEVEL = "-Onone";
			};
			name = Debug;
		};
		05D39C312876904300CCE136 /* Release */ = {
			isa = XCBuildConfiguration;
			buildSettings = {
				ALWAYS_SEARCH_USER_PATHS = NO;
				CLANG_ANALYZER_NONNULL = YES;
				CLANG_ANALYZER_NUMBER_OBJECT_CONVERSION = YES_AGGRESSIVE;
				CLANG_CXX_LANGUAGE_STANDARD = "gnu++17";
				CLANG_CXX_LIBRARY = "libc++";
				CLANG_ENABLE_MODULES = YES;
				CLANG_ENABLE_OBJC_ARC = YES;
				CLANG_ENABLE_OBJC_WEAK = YES;
				CLANG_WARN_BLOCK_CAPTURE_AUTORELEASING = YES;
				CLANG_WARN_BOOL_CONVERSION = YES;
				CLANG_WARN_COMMA = YES;
				CLANG_WARN_CONSTANT_CONVERSION = YES;
				CLANG_WARN_DEPRECATED_OBJC_IMPLEMENTATIONS = YES;
				CLANG_WARN_DIRECT_OBJC_ISA_USAGE = YES_ERROR;
				CLANG_WARN_DOCUMENTATION_COMMENTS = YES;
				CLANG_WARN_EMPTY_BODY = YES;
				CLANG_WARN_ENUM_CONVERSION = YES;
				CLANG_WARN_INFINITE_RECURSION = YES;
				CLANG_WARN_INT_CONVERSION = YES;
				CLANG_WARN_NON_LITERAL_NULL_CONVERSION = YES;
				CLANG_WARN_OBJC_IMPLICIT_RETAIN_SELF = YES;
				CLANG_WARN_OBJC_LITERAL_CONVERSION = YES;
				CLANG_WARN_OBJC_ROOT_CLASS = YES_ERROR;
				CLANG_WARN_QUOTED_INCLUDE_IN_FRAMEWORK_HEADER = YES;
				CLANG_WARN_RANGE_LOOP_ANALYSIS = YES;
				CLANG_WARN_STRICT_PROTOTYPES = YES;
				CLANG_WARN_SUSPICIOUS_MOVE = YES;
				CLANG_WARN_UNGUARDED_AVAILABILITY = YES_AGGRESSIVE;
				CLANG_WARN_UNREACHABLE_CODE = YES;
				CLANG_WARN__DUPLICATE_METHOD_MATCH = YES;
				COPY_PHASE_STRIP = NO;
				DEBUG_INFORMATION_FORMAT = "dwarf-with-dsym";
				ENABLE_NS_ASSERTIONS = NO;
				ENABLE_STRICT_OBJC_MSGSEND = YES;
				GCC_C_LANGUAGE_STANDARD = gnu11;
				GCC_NO_COMMON_BLOCKS = YES;
				GCC_WARN_64_TO_32_BIT_CONVERSION = YES;
				GCC_WARN_ABOUT_RETURN_TYPE = YES_ERROR;
				GCC_WARN_UNDECLARED_SELECTOR = YES;
				GCC_WARN_UNINITIALIZED_AUTOS = YES_AGGRESSIVE;
				GCC_WARN_UNUSED_FUNCTION = YES;
				GCC_WARN_UNUSED_VARIABLE = YES;
				IPHONEOS_DEPLOYMENT_TARGET = 15.0;
				MTL_ENABLE_DEBUG_INFO = NO;
				MTL_FAST_MATH = YES;
				SDKROOT = iphoneos;
				SWIFT_COMPILATION_MODE = wholemodule;
				SWIFT_OPTIMIZATION_LEVEL = "-O";
				VALIDATE_PRODUCT = YES;
			};
			name = Release;
		};
		05D39C332876904300CCE136 /* Debug */ = {
			isa = XCBuildConfiguration;
			baseConfigurationReference = 242DDA6598D6DC53515E32CE /* Pods-XMetro.debug.xcconfig */;
			buildSettings = {
				ASSETCATALOG_COMPILER_APPICON_NAME = AppIcon;
				ASSETCATALOG_COMPILER_GLOBAL_ACCENT_COLOR_NAME = AccentColor;
				CODE_SIGN_ENTITLEMENTS = XMetro/XMetro.entitlements;
				CODE_SIGN_IDENTITY = "Apple Development";
				"CODE_SIGN_IDENTITY[sdk=iphoneos*]" = "iPhone Developer";
				"CODE_SIGN_IDENTITY[sdk=macosx*]" = "Apple Development";
				CODE_SIGN_STYLE = Manual;
				CURRENT_PROJECT_VERSION = 202210202259;
				DEVELOPMENT_ASSET_PATHS = "\"XMetro/Preview Content\"";
				DEVELOPMENT_TEAM = "";
				"DEVELOPMENT_TEAM[sdk=iphoneos*]" = D4PFYTTGXR;
				ENABLE_PREVIEWS = YES;
				FRAMEWORK_SEARCH_PATHS = (
					"$(inherited)",
					"$(PROJECT_DIR)/XMetro/Vendor/Umeng/UMFramework",
				);
				GENERATE_INFOPLIST_FILE = YES;
				INFOPLIST_FILE = XMetro/Info.plist;
				INFOPLIST_KEY_CFBundleDisplayName = Ticker;
				INFOPLIST_KEY_LSApplicationCategoryType = "public.app-category.music";
				INFOPLIST_KEY_NSMicrophoneUsageDescription = "Tempomaster will use microphone for tuner.";
				INFOPLIST_KEY_UIApplicationSceneManifest_Generation = YES;
				INFOPLIST_KEY_UIApplicationSupportsIndirectInputEvents = YES;
				INFOPLIST_KEY_UILaunchScreen_Generation = YES;
				INFOPLIST_KEY_UILaunchStoryboardName = "Launch Screen";
				INFOPLIST_KEY_UIStatusBarStyle = UIStatusBarStyleLightContent;
				INFOPLIST_KEY_UISupportedInterfaceOrientations_iPad = "UIInterfaceOrientationPortrait UIInterfaceOrientationPortraitUpsideDown UIInterfaceOrientationLandscapeLeft UIInterfaceOrientationLandscapeRight";
				INFOPLIST_KEY_UISupportedInterfaceOrientations_iPhone = "UIInterfaceOrientationPortrait UIInterfaceOrientationLandscapeLeft UIInterfaceOrientationLandscapeRight";
				INFOPLIST_KEY_UIUserInterfaceStyle = Light;
				IPHONEOS_DEPLOYMENT_TARGET = 15.0;
				LD_RUNPATH_SEARCH_PATHS = (
					"$(inherited)",
					"@executable_path/Frameworks",
				);
				MARKETING_VERSION = 1.0.7;
				PRODUCT_BUNDLE_IDENTIFIER = com.leoking.XMetro;
				PRODUCT_NAME = XMetro;
				PROVISIONING_PROFILE_SPECIFIER = "";
				"PROVISIONING_PROFILE_SPECIFIER[sdk=iphoneos*]" = XMetroDev;
				SUPPORTED_PLATFORMS = "iphoneos iphonesimulator";
				SUPPORTS_MACCATALYST = NO;
				SUPPORTS_MAC_DESIGNED_FOR_IPHONE_IPAD = NO;
				SWIFT_EMIT_LOC_STRINGS = YES;
				SWIFT_OBJC_BRIDGING_HEADER = "${SRCROOT}/XMetro/XMetro-Bridging-Header.h";
				SWIFT_VERSION = 5.0;
				TARGETED_DEVICE_FAMILY = "1,2";
			};
			name = Debug;
		};
		05D39C342876904300CCE136 /* Release */ = {
			isa = XCBuildConfiguration;
			baseConfigurationReference = 908AC7539FACC183CFF5D4A2 /* Pods-XMetro.release.xcconfig */;
			buildSettings = {
				ASSETCATALOG_COMPILER_APPICON_NAME = AppIcon;
				ASSETCATALOG_COMPILER_GLOBAL_ACCENT_COLOR_NAME = AccentColor;
				CODE_SIGN_ENTITLEMENTS = XMetro/XMetro.entitlements;
				CODE_SIGN_IDENTITY = "Apple Development";
				"CODE_SIGN_IDENTITY[sdk=iphoneos*]" = "iPhone Developer";
				"CODE_SIGN_IDENTITY[sdk=macosx*]" = "Apple Development";
				CODE_SIGN_STYLE = Manual;
				CURRENT_PROJECT_VERSION = 202210202259;
				DEVELOPMENT_ASSET_PATHS = "\"XMetro/Preview Content\"";
				DEVELOPMENT_TEAM = "";
				"DEVELOPMENT_TEAM[sdk=iphoneos*]" = D4PFYTTGXR;
				ENABLE_PREVIEWS = YES;
				FRAMEWORK_SEARCH_PATHS = (
					"$(inherited)",
					"$(PROJECT_DIR)/XMetro/Vendor/Umeng/UMFramework",
				);
				GENERATE_INFOPLIST_FILE = YES;
				INFOPLIST_FILE = XMetro/Info.plist;
				INFOPLIST_KEY_CFBundleDisplayName = Ticker;
				INFOPLIST_KEY_LSApplicationCategoryType = "public.app-category.music";
				INFOPLIST_KEY_NSMicrophoneUsageDescription = "Tempomaster will use microphone for tuner.";
				INFOPLIST_KEY_UIApplicationSceneManifest_Generation = YES;
				INFOPLIST_KEY_UIApplicationSupportsIndirectInputEvents = YES;
				INFOPLIST_KEY_UILaunchScreen_Generation = YES;
				INFOPLIST_KEY_UILaunchStoryboardName = "Launch Screen";
				INFOPLIST_KEY_UIStatusBarStyle = UIStatusBarStyleLightContent;
				INFOPLIST_KEY_UISupportedInterfaceOrientations_iPad = "UIInterfaceOrientationPortrait UIInterfaceOrientationPortraitUpsideDown UIInterfaceOrientationLandscapeLeft UIInterfaceOrientationLandscapeRight";
				INFOPLIST_KEY_UISupportedInterfaceOrientations_iPhone = "UIInterfaceOrientationPortrait UIInterfaceOrientationLandscapeLeft UIInterfaceOrientationLandscapeRight";
				INFOPLIST_KEY_UIUserInterfaceStyle = Light;
				IPHONEOS_DEPLOYMENT_TARGET = 15.0;
				LD_RUNPATH_SEARCH_PATHS = (
					"$(inherited)",
					"@executable_path/Frameworks",
				);
				MARKETING_VERSION = 1.0.7;
				PRODUCT_BUNDLE_IDENTIFIER = com.leoking.XMetro;
				PRODUCT_NAME = XMetro;
				PROVISIONING_PROFILE_SPECIFIER = "";
				"PROVISIONING_PROFILE_SPECIFIER[sdk=iphoneos*]" = XMetroDev;
				SUPPORTED_PLATFORMS = "iphoneos iphonesimulator";
				SUPPORTS_MACCATALYST = NO;
				SUPPORTS_MAC_DESIGNED_FOR_IPHONE_IPAD = NO;
				SWIFT_EMIT_LOC_STRINGS = YES;
				SWIFT_OBJC_BRIDGING_HEADER = "${SRCROOT}/XMetro/XMetro-Bridging-Header.h";
				SWIFT_VERSION = 5.0;
				TARGETED_DEVICE_FAMILY = "1,2";
			};
			name = Release;
		};
		05D39C362876904300CCE136 /* Debug */ = {
			isa = XCBuildConfiguration;
			buildSettings = {
				ALWAYS_EMBED_SWIFT_STANDARD_LIBRARIES = YES;
				BUNDLE_LOADER = "$(TEST_HOST)";
				CODE_SIGN_STYLE = Automatic;
				CURRENT_PROJECT_VERSION = 1;
				DEVELOPMENT_TEAM = D4PFYTTGXR;
				GENERATE_INFOPLIST_FILE = YES;
				IPHONEOS_DEPLOYMENT_TARGET = 15.2;
				MARKETING_VERSION = 1.0;
				PRODUCT_BUNDLE_IDENTIFIER = com.leoking.XMetroTests;
				PRODUCT_NAME = "$(TARGET_NAME)";
				SWIFT_EMIT_LOC_STRINGS = NO;
				SWIFT_VERSION = 5.0;
				TARGETED_DEVICE_FAMILY = "1,2";
				TEST_HOST = "$(BUILT_PRODUCTS_DIR)/XMetro.app/XMetro";
			};
			name = Debug;
		};
		05D39C372876904300CCE136 /* Release */ = {
			isa = XCBuildConfiguration;
			buildSettings = {
				ALWAYS_EMBED_SWIFT_STANDARD_LIBRARIES = YES;
				BUNDLE_LOADER = "$(TEST_HOST)";
				CODE_SIGN_STYLE = Automatic;
				CURRENT_PROJECT_VERSION = 1;
				DEVELOPMENT_TEAM = D4PFYTTGXR;
				GENERATE_INFOPLIST_FILE = YES;
				IPHONEOS_DEPLOYMENT_TARGET = 15.2;
				MARKETING_VERSION = 1.0;
				PRODUCT_BUNDLE_IDENTIFIER = com.leoking.XMetroTests;
				PRODUCT_NAME = "$(TARGET_NAME)";
				SWIFT_EMIT_LOC_STRINGS = NO;
				SWIFT_VERSION = 5.0;
				TARGETED_DEVICE_FAMILY = "1,2";
				TEST_HOST = "$(BUILT_PRODUCTS_DIR)/XMetro.app/XMetro";
			};
			name = Release;
		};
		05D39C392876904300CCE136 /* Debug */ = {
			isa = XCBuildConfiguration;
			buildSettings = {
				ALWAYS_EMBED_SWIFT_STANDARD_LIBRARIES = YES;
				CODE_SIGN_STYLE = Automatic;
				CURRENT_PROJECT_VERSION = 1;
				DEVELOPMENT_TEAM = D4PFYTTGXR;
				GENERATE_INFOPLIST_FILE = YES;
				MARKETING_VERSION = 1.0;
				PRODUCT_BUNDLE_IDENTIFIER = com.leoking.XMetroUITests;
				PRODUCT_NAME = "$(TARGET_NAME)";
				SWIFT_EMIT_LOC_STRINGS = NO;
				SWIFT_VERSION = 5.0;
				TARGETED_DEVICE_FAMILY = "1,2";
				TEST_TARGET_NAME = WhenBored;
			};
			name = Debug;
		};
		05D39C3A2876904300CCE136 /* Release */ = {
			isa = XCBuildConfiguration;
			buildSettings = {
				ALWAYS_EMBED_SWIFT_STANDARD_LIBRARIES = YES;
				CODE_SIGN_STYLE = Automatic;
				CURRENT_PROJECT_VERSION = 1;
				DEVELOPMENT_TEAM = D4PFYTTGXR;
				GENERATE_INFOPLIST_FILE = YES;
				MARKETING_VERSION = 1.0;
				PRODUCT_BUNDLE_IDENTIFIER = com.leoking.XMetroUITests;
				PRODUCT_NAME = "$(TARGET_NAME)";
				SWIFT_EMIT_LOC_STRINGS = NO;
				SWIFT_VERSION = 5.0;
				TARGETED_DEVICE_FAMILY = "1,2";
				TEST_TARGET_NAME = WhenBored;
			};
			name = Release;
		};
/* End XCBuildConfiguration section */

/* Begin XCConfigurationList section */
		05D39C092876904200CCE136 /* Build configuration list for PBXProject "XMetro" */ = {
			isa = XCConfigurationList;
			buildConfigurations = (
				05D39C302876904300CCE136 /* Debug */,
				05D39C312876904300CCE136 /* Release */,
			);
			defaultConfigurationIsVisible = 0;
			defaultConfigurationName = Release;
		};
		05D39C322876904300CCE136 /* Build configuration list for PBXNativeTarget "XMetro" */ = {
			isa = XCConfigurationList;
			buildConfigurations = (
				05D39C332876904300CCE136 /* Debug */,
				05D39C342876904300CCE136 /* Release */,
			);
			defaultConfigurationIsVisible = 0;
			defaultConfigurationName = Release;
		};
		05D39C352876904300CCE136 /* Build configuration list for PBXNativeTarget "XMetroTests" */ = {
			isa = XCConfigurationList;
			buildConfigurations = (
				05D39C362876904300CCE136 /* Debug */,
				05D39C372876904300CCE136 /* Release */,
			);
			defaultConfigurationIsVisible = 0;
			defaultConfigurationName = Release;
		};
		05D39C382876904300CCE136 /* Build configuration list for PBXNativeTarget "XMetroUITests" */ = {
			isa = XCConfigurationList;
			buildConfigurations = (
				05D39C392876904300CCE136 /* Debug */,
				05D39C3A2876904300CCE136 /* Release */,
			);
			defaultConfigurationIsVisible = 0;
			defaultConfigurationName = Release;
		};
/* End XCConfigurationList section */

/* Begin XCRemoteSwiftPackageReference section */
		05520FB728F863F6001814B0 /* XCRemoteSwiftPackageReference "PopupView" */ = {
			isa = XCRemoteSwiftPackageReference;
			repositoryURL = "https://github.com/exyte/PopupView.git";
			requirement = {
				kind = upToNextMajorVersion;
				minimumVersion = 1.0.0;
			};
		};
		0557D8C128FCDCC9005A901A /* XCRemoteSwiftPackageReference "GRDB.swift" */ = {
			isa = XCRemoteSwiftPackageReference;
			repositoryURL = "https://github.com/groue/GRDB.swift.git";
			requirement = {
				branch = master;
				kind = branch;
			};
		};
		0578AD3A28897E1700AE5B04 /* XCRemoteSwiftPackageReference "swift-composable-architecture" */ = {
			isa = XCRemoteSwiftPackageReference;
			repositoryURL = "https://github.com/pointfreeco/swift-composable-architecture";
			requirement = {
				kind = upToNextMajorVersion;
				minimumVersion = 0.9.0;
			};
		};
		059D996F28DA9B0E00741591 /* XCRemoteSwiftPackageReference "ActivityIndicatorView" */ = {
			isa = XCRemoteSwiftPackageReference;
			repositoryURL = "https://github.com/exyte/ActivityIndicatorView.git";
			requirement = {
				kind = upToNextMajorVersion;
				minimumVersion = 1.0.0;
			};
		};
/* End XCRemoteSwiftPackageReference section */

/* Begin XCSwiftPackageProductDependency section */
		05520FB828F863F6001814B0 /* PopupView */ = {
			isa = XCSwiftPackageProductDependency;
			package = 05520FB728F863F6001814B0 /* XCRemoteSwiftPackageReference "PopupView" */;
			productName = PopupView;
		};
		0555D678290175EF00FA00B1 /* MicrophonePitchDetector */ = {
			isa = XCSwiftPackageProductDependency;
			productName = MicrophonePitchDetector;
		};
		0557D8C228FCDCCA005A901A /* GRDB */ = {
			isa = XCSwiftPackageProductDependency;
			package = 0557D8C128FCDCC9005A901A /* XCRemoteSwiftPackageReference "GRDB.swift" */;
			productName = GRDB;
		};
		0578AD3B28897E1700AE5B04 /* ComposableArchitecture */ = {
			isa = XCSwiftPackageProductDependency;
			package = 0578AD3A28897E1700AE5B04 /* XCRemoteSwiftPackageReference "swift-composable-architecture" */;
			productName = ComposableArchitecture;
		};
		059D997028DA9B0E00741591 /* ActivityIndicatorView */ = {
			isa = XCSwiftPackageProductDependency;
			package = 059D996F28DA9B0E00741591 /* XCRemoteSwiftPackageReference "ActivityIndicatorView" */;
			productName = ActivityIndicatorView;
		};
/* End XCSwiftPackageProductDependency section */
	};
	rootObject = 05D39C062876904200CCE136 /* Project object */;
}
